// !$*UTF8*$!
{
	archiveVersion = 1;
	classes = {
	};
	objectVersion = 46;
	objects = {

/* Begin PBXBuildFile section */
		682D86C2601D4C74B4DAAA20 /* libPods.a in Frameworks */ = {isa = PBXBuildFile; fileRef = 6F0DADA2B6B24E6B9EAA6D47 /* libPods.a */; };
		6B008FF0170C244A00DB737B /* BCForm.m in Sources */ = {isa = PBXBuildFile; fileRef = 6B008FD1170C244A00DB737B /* BCForm.m */; };
		6B008FF1170C244A00DB737B /* BCForm.m in Sources */ = {isa = PBXBuildFile; fileRef = 6B008FD1170C244A00DB737B /* BCForm.m */; };
		6B008FF2170C244A00DB737B /* BCFormSection.m in Sources */ = {isa = PBXBuildFile; fileRef = 6B008FD3170C244A00DB737B /* BCFormSection.m */; };
		6B008FF3170C244A00DB737B /* BCFormSection.m in Sources */ = {isa = PBXBuildFile; fileRef = 6B008FD3170C244A00DB737B /* BCFormSection.m */; };
		6B008FF4170C244A00DB737B /* BCFormView.m in Sources */ = {isa = PBXBuildFile; fileRef = 6B008FD5170C244A00DB737B /* BCFormView.m */; };
		6B008FF5170C244A00DB737B /* BCFormView.m in Sources */ = {isa = PBXBuildFile; fileRef = 6B008FD5170C244A00DB737B /* BCFormView.m */; };
		6B008FF6170C244A00DB737B /* UITableView+IndexPaths.m in Sources */ = {isa = PBXBuildFile; fileRef = 6B008FD8170C244A00DB737B /* UITableView+IndexPaths.m */; };
		6B008FF7170C244A00DB737B /* UITableView+IndexPaths.m in Sources */ = {isa = PBXBuildFile; fileRef = 6B008FD8170C244A00DB737B /* UITableView+IndexPaths.m */; };
		6B008FF8170C244A00DB737B /* UITextField+AbstractFormCell.m in Sources */ = {isa = PBXBuildFile; fileRef = 6B008FDA170C244A00DB737B /* UITextField+AbstractFormCell.m */; };
		6B008FF9170C244A00DB737B /* UITextField+AbstractFormCell.m in Sources */ = {isa = PBXBuildFile; fileRef = 6B008FDA170C244A00DB737B /* UITextField+AbstractFormCell.m */; };
		6B008FFA170C244A00DB737B /* BCAbstractCell.m in Sources */ = {isa = PBXBuildFile; fileRef = 6B008FDD170C244A00DB737B /* BCAbstractCell.m */; };
		6B008FFB170C244A00DB737B /* BCAbstractCell.m in Sources */ = {isa = PBXBuildFile; fileRef = 6B008FDD170C244A00DB737B /* BCAbstractCell.m */; };
		6B008FFC170C244A00DB737B /* BCPasswordCell.m in Sources */ = {isa = PBXBuildFile; fileRef = 6B008FE0170C244A00DB737B /* BCPasswordCell.m */; };
		6B008FFD170C244A00DB737B /* BCPasswordCell.m in Sources */ = {isa = PBXBuildFile; fileRef = 6B008FE0170C244A00DB737B /* BCPasswordCell.m */; };
		6B008FFE170C244A00DB737B /* BCTextFieldCell.m in Sources */ = {isa = PBXBuildFile; fileRef = 6B008FE2170C244A00DB737B /* BCTextFieldCell.m */; };
		6B008FFF170C244A00DB737B /* BCTextFieldCell.m in Sources */ = {isa = PBXBuildFile; fileRef = 6B008FE2170C244A00DB737B /* BCTextFieldCell.m */; };
		6B009000170C244A00DB737B /* BCAbstractField.m in Sources */ = {isa = PBXBuildFile; fileRef = 6B008FE5170C244A00DB737B /* BCAbstractField.m */; };
		6B009001170C244A00DB737B /* BCAbstractField.m in Sources */ = {isa = PBXBuildFile; fileRef = 6B008FE5170C244A00DB737B /* BCAbstractField.m */; };
		6B009002170C244A00DB737B /* BCPasswordField.m in Sources */ = {isa = PBXBuildFile; fileRef = 6B008FE7170C244A00DB737B /* BCPasswordField.m */; };
		6B009003170C244A00DB737B /* BCPasswordField.m in Sources */ = {isa = PBXBuildFile; fileRef = 6B008FE7170C244A00DB737B /* BCPasswordField.m */; };
		6B009004170C244A00DB737B /* BCPickerField.m in Sources */ = {isa = PBXBuildFile; fileRef = 6B008FE9170C244A00DB737B /* BCPickerField.m */; };
		6B009005170C244A00DB737B /* BCPickerField.m in Sources */ = {isa = PBXBuildFile; fileRef = 6B008FE9170C244A00DB737B /* BCPickerField.m */; };
		6B009006170C244A00DB737B /* BCTextField.m in Sources */ = {isa = PBXBuildFile; fileRef = 6B008FEB170C244A00DB737B /* BCTextField.m */; };
		6B009007170C244A00DB737B /* BCTextField.m in Sources */ = {isa = PBXBuildFile; fileRef = 6B008FEB170C244A00DB737B /* BCTextField.m */; };
		6B009008170C244A00DB737B /* BCDefaultInputAccessory.m in Sources */ = {isa = PBXBuildFile; fileRef = 6B008FEE170C244A00DB737B /* BCDefaultInputAccessory.m */; };
		6B009009170C244A00DB737B /* BCDefaultInputAccessory.m in Sources */ = {isa = PBXBuildFile; fileRef = 6B008FEE170C244A00DB737B /* BCDefaultInputAccessory.m */; };
		6B009019170C246600DB737B /* AppDelegate.m in Sources */ = {isa = PBXBuildFile; fileRef = 6B00900C170C246600DB737B /* AppDelegate.m */; };
		6B00901A170C246600DB737B /* AppDelegate.m in Sources */ = {isa = PBXBuildFile; fileRef = 6B00900C170C246600DB737B /* AppDelegate.m */; };
		6B00901C170C246600DB737B /* bureaucrat-Info.plist in Resources */ = {isa = PBXBuildFile; fileRef = 6B00900D170C246600DB737B /* bureaucrat-Info.plist */; };
		6B009023170C246600DB737B /* InfoPlist.strings in Resources */ = {isa = PBXBuildFile; fileRef = 6B009012170C246600DB737B /* InfoPlist.strings */; };
		6B009027170C246600DB737B /* main.m in Sources */ = {isa = PBXBuildFile; fileRef = 6B009016170C246600DB737B /* main.m */; };
		6B00902C170C460400DB737B /* QuartzCore.framework in Frameworks */ = {isa = PBXBuildFile; fileRef = 6B00902B170C460400DB737B /* QuartzCore.framework */; };
		6B00902D170C460B00DB737B /* QuartzCore.framework in Frameworks */ = {isa = PBXBuildFile; fileRef = 6B00902B170C460400DB737B /* QuartzCore.framework */; };
		6BD31AD0170C189A007BAF4F /* UIKit.framework in Frameworks */ = {isa = PBXBuildFile; fileRef = 6BD31ACF170C189A007BAF4F /* UIKit.framework */; };
		6BD31AD2170C189A007BAF4F /* Foundation.framework in Frameworks */ = {isa = PBXBuildFile; fileRef = 6BD31AD1170C189A007BAF4F /* Foundation.framework */; };
		6BD31AD4170C189A007BAF4F /* CoreGraphics.framework in Frameworks */ = {isa = PBXBuildFile; fileRef = 6BD31AD3170C189A007BAF4F /* CoreGraphics.framework */; };
		6BD31AF4170C189A007BAF4F /* SenTestingKit.framework in Frameworks */ = {isa = PBXBuildFile; fileRef = 6BD31AF3170C189A007BAF4F /* SenTestingKit.framework */; };
		6BD31AF5170C189A007BAF4F /* UIKit.framework in Frameworks */ = {isa = PBXBuildFile; fileRef = 6BD31ACF170C189A007BAF4F /* UIKit.framework */; };
		6BD31AF6170C189A007BAF4F /* Foundation.framework in Frameworks */ = {isa = PBXBuildFile; fileRef = 6BD31AD1170C189A007BAF4F /* Foundation.framework */; };
		6BD31AFE170C189A007BAF4F /* InfoPlist.strings in Resources */ = {isa = PBXBuildFile; fileRef = 6BD31AFC170C189A007BAF4F /* InfoPlist.strings */; };
		6BD31B01170C189A007BAF4F /* bureaucratTests.m in Sources */ = {isa = PBXBuildFile; fileRef = 6BD31B00170C189A007BAF4F /* bureaucratTests.m */; };
		7F903C09747C4BF3BD28FE73 /* libPods-bureaucratTests.a in Frameworks */ = {isa = PBXBuildFile; fileRef = 48569C37ECA243059708F32B /* libPods-bureaucratTests.a */; };
		BA79800FE4605A01EF2F9612 /* Default@2x.png in Resources */ = {isa = PBXBuildFile; fileRef = BA798F030395FE3D91979212 /* Default@2x.png */; };
		BA7980E45F032666A2719FD8 /* FundsTransferViewController.m in Sources */ = {isa = PBXBuildFile; fileRef = BA79801171376769C364AEA7 /* FundsTransferViewController.m */; };
		BA7983198A6E2880002DE087 /* FundsTransferView.m in Sources */ = {isa = PBXBuildFile; fileRef = BA7981E96002FCA868F2CD79 /* FundsTransferView.m */; };
		BA79837D1932E54157F90635 /* background-gradient@2x.png in Resources */ = {isa = PBXBuildFile; fileRef = BA79898F0829634B21EDA33F /* background-gradient@2x.png */; };
		BA79847831FF13E234656A09 /* background-gradient.png in Resources */ = {isa = PBXBuildFile; fileRef = BA798A4DB42F12C72C18A1FA /* background-gradient.png */; };
		BA798489BCE5A6662DDAC73D /* Default-568h@2x.png in Resources */ = {isa = PBXBuildFile; fileRef = BA798EBE601A207D3A2E3752 /* Default-568h@2x.png */; };
		BA7984B7C5B12A127310A1E4 /* background-gradient@2x.png in Resources */ = {isa = PBXBuildFile; fileRef = BA79898F0829634B21EDA33F /* background-gradient@2x.png */; };
		BA7986C58B41B03692C1E2F6 /* Default.png in Resources */ = {isa = PBXBuildFile; fileRef = BA798AE2780FE03F707BEC75 /* Default.png */; };
		BA798742848A56F02C4EFAAD /* FundsTransferViewController.m in Sources */ = {isa = PBXBuildFile; fileRef = BA79801171376769C364AEA7 /* FundsTransferViewController.m */; };
		BA79885DDCB7FA7BF1C612C6 /* background-gradient.png in Resources */ = {isa = PBXBuildFile; fileRef = BA798A4DB42F12C72C18A1FA /* background-gradient.png */; };
		BA79893016C666A9E91E9B2F /* Default-568h@2x.png in Resources */ = {isa = PBXBuildFile; fileRef = BA798EBE601A207D3A2E3752 /* Default-568h@2x.png */; };
		BA798C6640C63D93116918CC /* Default@2x.png in Resources */ = {isa = PBXBuildFile; fileRef = BA798F030395FE3D91979212 /* Default@2x.png */; };
		BA798D4C1753F245ED71E5BE /* Vehicle.m in Sources */ = {isa = PBXBuildFile; fileRef = BA7981F8D8908580B66253FE /* Vehicle.m */; };
		BA798EC034FBFF653E9C6532 /* Default.png in Resources */ = {isa = PBXBuildFile; fileRef = BA798AE2780FE03F707BEC75 /* Default.png */; };
		BA798F08DDD6101C8413FCA0 /* Vehicle.m in Sources */ = {isa = PBXBuildFile; fileRef = BA7981F8D8908580B66253FE /* Vehicle.m */; };
		BA798F4A76EE34D7C0E87FF7 /* FundsTransferView.m in Sources */ = {isa = PBXBuildFile; fileRef = BA7981E96002FCA868F2CD79 /* FundsTransferView.m */; };
/* End PBXBuildFile section */

/* Begin PBXContainerItemProxy section */
		6BD31AF7170C189A007BAF4F /* PBXContainerItemProxy */ = {
			isa = PBXContainerItemProxy;
			containerPortal = 6BD31AC4170C189A007BAF4F /* Project object */;
			proxyType = 1;
			remoteGlobalIDString = 6BD31ACB170C189A007BAF4F;
			remoteInfo = bureaucrat;
		};
/* End PBXContainerItemProxy section */

/* Begin PBXFileReference section */
		48569C37ECA243059708F32B /* libPods-bureaucratTests.a */ = {isa = PBXFileReference; explicitFileType = archive.ar; includeInIndex = 0; path = "libPods-bureaucratTests.a"; sourceTree = BUILT_PRODUCTS_DIR; };
		5E102EDFAD18450BB53BD57F /* Pods-bureaucratTests.xcconfig */ = {isa = PBXFileReference; includeInIndex = 1; lastKnownFileType = text.xcconfig; name = "Pods-bureaucratTests.xcconfig"; path = "Pods/Pods-bureaucratTests.xcconfig"; sourceTree = SOURCE_ROOT; };
		6B008FD0170C244A00DB737B /* BCForm.h */ = {isa = PBXFileReference; fileEncoding = 4; lastKnownFileType = sourcecode.c.h; path = BCForm.h; sourceTree = "<group>"; };
		6B008FD1170C244A00DB737B /* BCForm.m */ = {isa = PBXFileReference; fileEncoding = 4; lastKnownFileType = sourcecode.c.objc; path = BCForm.m; sourceTree = "<group>"; };
		6B008FD2170C244A00DB737B /* BCFormSection.h */ = {isa = PBXFileReference; fileEncoding = 4; lastKnownFileType = sourcecode.c.h; path = BCFormSection.h; sourceTree = "<group>"; };
		6B008FD3170C244A00DB737B /* BCFormSection.m */ = {isa = PBXFileReference; fileEncoding = 4; lastKnownFileType = sourcecode.c.objc; path = BCFormSection.m; sourceTree = "<group>"; };
		6B008FD4170C244A00DB737B /* BCFormView.h */ = {isa = PBXFileReference; fileEncoding = 4; lastKnownFileType = sourcecode.c.h; path = BCFormView.h; sourceTree = "<group>"; };
		6B008FD5170C244A00DB737B /* BCFormView.m */ = {isa = PBXFileReference; fileEncoding = 4; lastKnownFileType = sourcecode.c.objc; path = BCFormView.m; sourceTree = "<group>"; };
		6B008FD7170C244A00DB737B /* UITableView+IndexPaths.h */ = {isa = PBXFileReference; fileEncoding = 4; lastKnownFileType = sourcecode.c.h; path = "UITableView+IndexPaths.h"; sourceTree = "<group>"; };
		6B008FD8170C244A00DB737B /* UITableView+IndexPaths.m */ = {isa = PBXFileReference; fileEncoding = 4; lastKnownFileType = sourcecode.c.objc; path = "UITableView+IndexPaths.m"; sourceTree = "<group>"; };
		6B008FD9170C244A00DB737B /* UITextField+AbstractFormCell.h */ = {isa = PBXFileReference; fileEncoding = 4; lastKnownFileType = sourcecode.c.h; path = "UITextField+AbstractFormCell.h"; sourceTree = "<group>"; };
		6B008FDA170C244A00DB737B /* UITextField+AbstractFormCell.m */ = {isa = PBXFileReference; fileEncoding = 4; lastKnownFileType = sourcecode.c.objc; path = "UITextField+AbstractFormCell.m"; sourceTree = "<group>"; };
		6B008FDC170C244A00DB737B /* BCAbstractCell.h */ = {isa = PBXFileReference; fileEncoding = 4; lastKnownFileType = sourcecode.c.h; path = BCAbstractCell.h; sourceTree = "<group>"; };
		6B008FDD170C244A00DB737B /* BCAbstractCell.m */ = {isa = PBXFileReference; fileEncoding = 4; lastKnownFileType = sourcecode.c.objc; path = BCAbstractCell.m; sourceTree = "<group>"; };
		6B008FDE170C244A00DB737B /* BCCellDelegate.h */ = {isa = PBXFileReference; fileEncoding = 4; lastKnownFileType = sourcecode.c.h; path = BCCellDelegate.h; sourceTree = "<group>"; };
		6B008FDF170C244A00DB737B /* BCPasswordCell.h */ = {isa = PBXFileReference; fileEncoding = 4; lastKnownFileType = sourcecode.c.h; path = BCPasswordCell.h; sourceTree = "<group>"; };
		6B008FE0170C244A00DB737B /* BCPasswordCell.m */ = {isa = PBXFileReference; fileEncoding = 4; lastKnownFileType = sourcecode.c.objc; path = BCPasswordCell.m; sourceTree = "<group>"; };
		6B008FE1170C244A00DB737B /* BCTextFieldCell.h */ = {isa = PBXFileReference; fileEncoding = 4; lastKnownFileType = sourcecode.c.h; path = BCTextFieldCell.h; sourceTree = "<group>"; };
		6B008FE2170C244A00DB737B /* BCTextFieldCell.m */ = {isa = PBXFileReference; fileEncoding = 4; lastKnownFileType = sourcecode.c.objc; path = BCTextFieldCell.m; sourceTree = "<group>"; };
		6B008FE4170C244A00DB737B /* BCAbstractField.h */ = {isa = PBXFileReference; fileEncoding = 4; lastKnownFileType = sourcecode.c.h; path = BCAbstractField.h; sourceTree = "<group>"; };
		6B008FE5170C244A00DB737B /* BCAbstractField.m */ = {isa = PBXFileReference; fileEncoding = 4; lastKnownFileType = sourcecode.c.objc; path = BCAbstractField.m; sourceTree = "<group>"; };
		6B008FE6170C244A00DB737B /* BCPasswordField.h */ = {isa = PBXFileReference; fileEncoding = 4; lastKnownFileType = sourcecode.c.h; path = BCPasswordField.h; sourceTree = "<group>"; };
		6B008FE7170C244A00DB737B /* BCPasswordField.m */ = {isa = PBXFileReference; fileEncoding = 4; lastKnownFileType = sourcecode.c.objc; path = BCPasswordField.m; sourceTree = "<group>"; };
		6B008FE8170C244A00DB737B /* BCPickerField.h */ = {isa = PBXFileReference; fileEncoding = 4; lastKnownFileType = sourcecode.c.h; path = BCPickerField.h; sourceTree = "<group>"; };
		6B008FE9170C244A00DB737B /* BCPickerField.m */ = {isa = PBXFileReference; fileEncoding = 4; lastKnownFileType = sourcecode.c.objc; path = BCPickerField.m; sourceTree = "<group>"; };
		6B008FEA170C244A00DB737B /* BCTextField.h */ = {isa = PBXFileReference; fileEncoding = 4; lastKnownFileType = sourcecode.c.h; path = BCTextField.h; sourceTree = "<group>"; };
		6B008FEB170C244A00DB737B /* BCTextField.m */ = {isa = PBXFileReference; fileEncoding = 4; lastKnownFileType = sourcecode.c.objc; path = BCTextField.m; sourceTree = "<group>"; };
		6B008FED170C244A00DB737B /* BCDefaultInputAccessory.h */ = {isa = PBXFileReference; fileEncoding = 4; lastKnownFileType = sourcecode.c.h; path = BCDefaultInputAccessory.h; sourceTree = "<group>"; };
		6B008FEE170C244A00DB737B /* BCDefaultInputAccessory.m */ = {isa = PBXFileReference; fileEncoding = 4; lastKnownFileType = sourcecode.c.objc; path = BCDefaultInputAccessory.m; sourceTree = "<group>"; };
		6B008FEF170C244A00DB737B /* BCInputAccessoryDelegate.h */ = {isa = PBXFileReference; fileEncoding = 4; lastKnownFileType = sourcecode.c.h; path = BCInputAccessoryDelegate.h; sourceTree = "<group>"; };
		6B00900B170C246600DB737B /* AppDelegate.h */ = {isa = PBXFileReference; fileEncoding = 4; lastKnownFileType = sourcecode.c.h; path = AppDelegate.h; sourceTree = "<group>"; };
		6B00900C170C246600DB737B /* AppDelegate.m */ = {isa = PBXFileReference; fileEncoding = 4; lastKnownFileType = sourcecode.c.objc; path = AppDelegate.m; sourceTree = "<group>"; };
		6B00900D170C246600DB737B /* bureaucrat-Info.plist */ = {isa = PBXFileReference; fileEncoding = 4; lastKnownFileType = text.plist.xml; path = "bureaucrat-Info.plist"; sourceTree = "<group>"; };
		6B00900E170C246600DB737B /* bureaucrat-Prefix.pch */ = {isa = PBXFileReference; fileEncoding = 4; lastKnownFileType = sourcecode.c.h; path = "bureaucrat-Prefix.pch"; sourceTree = "<group>"; };
		6B009013170C246600DB737B /* en */ = {isa = PBXFileReference; lastKnownFileType = text.plist.strings; name = en; path = en.lproj/InfoPlist.strings; sourceTree = "<group>"; };
		6B009016170C246600DB737B /* main.m */ = {isa = PBXFileReference; fileEncoding = 4; lastKnownFileType = sourcecode.c.objc; path = main.m; sourceTree = "<group>"; };
		6B00902B170C460400DB737B /* QuartzCore.framework */ = {isa = PBXFileReference; lastKnownFileType = wrapper.framework; name = QuartzCore.framework; path = System/Library/Frameworks/QuartzCore.framework; sourceTree = SDKROOT; };
		6BD31ACC170C189A007BAF4F /* bureaucrat.app */ = {isa = PBXFileReference; explicitFileType = wrapper.application; includeInIndex = 0; path = bureaucrat.app; sourceTree = BUILT_PRODUCTS_DIR; };
		6BD31ACF170C189A007BAF4F /* UIKit.framework */ = {isa = PBXFileReference; lastKnownFileType = wrapper.framework; name = UIKit.framework; path = System/Library/Frameworks/UIKit.framework; sourceTree = SDKROOT; };
		6BD31AD1170C189A007BAF4F /* Foundation.framework */ = {isa = PBXFileReference; lastKnownFileType = wrapper.framework; name = Foundation.framework; path = System/Library/Frameworks/Foundation.framework; sourceTree = SDKROOT; };
		6BD31AD3170C189A007BAF4F /* CoreGraphics.framework */ = {isa = PBXFileReference; lastKnownFileType = wrapper.framework; name = CoreGraphics.framework; path = System/Library/Frameworks/CoreGraphics.framework; sourceTree = SDKROOT; };
		6BD31AF2170C189A007BAF4F /* bureaucratTests.octest */ = {isa = PBXFileReference; explicitFileType = wrapper.cfbundle; includeInIndex = 0; path = bureaucratTests.octest; sourceTree = BUILT_PRODUCTS_DIR; };
		6BD31AF3170C189A007BAF4F /* SenTestingKit.framework */ = {isa = PBXFileReference; lastKnownFileType = wrapper.framework; name = SenTestingKit.framework; path = Library/Frameworks/SenTestingKit.framework; sourceTree = DEVELOPER_DIR; };
		6BD31AFB170C189A007BAF4F /* bureaucratTests-Info.plist */ = {isa = PBXFileReference; lastKnownFileType = text.plist.xml; path = "bureaucratTests-Info.plist"; sourceTree = "<group>"; };
		6BD31AFD170C189A007BAF4F /* en */ = {isa = PBXFileReference; lastKnownFileType = text.plist.strings; name = en; path = en.lproj/InfoPlist.strings; sourceTree = "<group>"; };
		6BD31AFF170C189A007BAF4F /* bureaucratTests.h */ = {isa = PBXFileReference; lastKnownFileType = sourcecode.c.h; path = bureaucratTests.h; sourceTree = "<group>"; };
		6BD31B00170C189A007BAF4F /* bureaucratTests.m */ = {isa = PBXFileReference; lastKnownFileType = sourcecode.c.objc; path = bureaucratTests.m; sourceTree = "<group>"; };
		6F0DADA2B6B24E6B9EAA6D47 /* libPods.a */ = {isa = PBXFileReference; explicitFileType = archive.ar; includeInIndex = 0; path = libPods.a; sourceTree = BUILT_PRODUCTS_DIR; };
		BA79801171376769C364AEA7 /* FundsTransferViewController.m */ = {isa = PBXFileReference; fileEncoding = 4; lastKnownFileType = sourcecode.c.objc; path = FundsTransferViewController.m; sourceTree = "<group>"; };
		BA7981E96002FCA868F2CD79 /* FundsTransferView.m */ = {isa = PBXFileReference; fileEncoding = 4; lastKnownFileType = sourcecode.c.objc; path = FundsTransferView.m; sourceTree = "<group>"; };
		BA7981F8D8908580B66253FE /* Vehicle.m */ = {isa = PBXFileReference; fileEncoding = 4; lastKnownFileType = sourcecode.c.objc; path = Vehicle.m; sourceTree = "<group>"; };
		BA798277C36EB2822494DE8C /* Vehicle.h */ = {isa = PBXFileReference; fileEncoding = 4; lastKnownFileType = sourcecode.c.h; path = Vehicle.h; sourceTree = "<group>"; };
		BA7988CFAE496EC9E8928FC4 /* FundsTransferViewController.h */ = {isa = PBXFileReference; fileEncoding = 4; lastKnownFileType = sourcecode.c.h; path = FundsTransferViewController.h; sourceTree = "<group>"; };
		BA79898F0829634B21EDA33F /* background-gradient@2x.png */ = {isa = PBXFileReference; lastKnownFileType = image.png; path = "background-gradient@2x.png"; sourceTree = "<group>"; };
		BA798A47A705541F281E3617 /* BCFormDelegate.h */ = {isa = PBXFileReference; fileEncoding = 4; lastKnownFileType = sourcecode.c.h; path = BCFormDelegate.h; sourceTree = "<group>"; };
		BA798A4DB42F12C72C18A1FA /* background-gradient.png */ = {isa = PBXFileReference; lastKnownFileType = image.png; path = "background-gradient.png"; sourceTree = "<group>"; };
		BA798AE2780FE03F707BEC75 /* Default.png */ = {isa = PBXFileReference; lastKnownFileType = image.png; path = Default.png; sourceTree = "<group>"; };
		BA798EBE601A207D3A2E3752 /* Default-568h@2x.png */ = {isa = PBXFileReference; lastKnownFileType = image.png; path = "Default-568h@2x.png"; sourceTree = "<group>"; };
		BA798F030395FE3D91979212 /* Default@2x.png */ = {isa = PBXFileReference; lastKnownFileType = image.png; path = "Default@2x.png"; sourceTree = "<group>"; };
		BA798FC68ADD18D9321B9DEF /* FundsTransferView.h */ = {isa = PBXFileReference; fileEncoding = 4; lastKnownFileType = sourcecode.c.h; path = FundsTransferView.h; sourceTree = "<group>"; };
		CE2B8BC7B0B1493B9CEC7AC0 /* Pods.xcconfig */ = {isa = PBXFileReference; includeInIndex = 1; lastKnownFileType = text.xcconfig; name = Pods.xcconfig; path = Pods/Pods.xcconfig; sourceTree = SOURCE_ROOT; };
/* End PBXFileReference section */

/* Begin PBXFrameworksBuildPhase section */
		6BD31AC9170C189A007BAF4F /* Frameworks */ = {
			isa = PBXFrameworksBuildPhase;
			buildActionMask = 2147483647;
			files = (
				6B00902C170C460400DB737B /* QuartzCore.framework in Frameworks */,
				6BD31AD0170C189A007BAF4F /* UIKit.framework in Frameworks */,
				6BD31AD2170C189A007BAF4F /* Foundation.framework in Frameworks */,
				6BD31AD4170C189A007BAF4F /* CoreGraphics.framework in Frameworks */,
				682D86C2601D4C74B4DAAA20 /* libPods.a in Frameworks */,
			);
			runOnlyForDeploymentPostprocessing = 0;
		};
		6BD31AEE170C189A007BAF4F /* Frameworks */ = {
			isa = PBXFrameworksBuildPhase;
			buildActionMask = 2147483647;
			files = (
				6B00902D170C460B00DB737B /* QuartzCore.framework in Frameworks */,
				6BD31AF4170C189A007BAF4F /* SenTestingKit.framework in Frameworks */,
				6BD31AF5170C189A007BAF4F /* UIKit.framework in Frameworks */,
				6BD31AF6170C189A007BAF4F /* Foundation.framework in Frameworks */,
				7F903C09747C4BF3BD28FE73 /* libPods-bureaucratTests.a in Frameworks */,
			);
			runOnlyForDeploymentPostprocessing = 0;
		};
/* End PBXFrameworksBuildPhase section */

/* Begin PBXGroup section */
		6B008FD6170C244A00DB737B /* Categories */ = {
			isa = PBXGroup;
			children = (
				6B008FD7170C244A00DB737B /* UITableView+IndexPaths.h */,
				6B008FD8170C244A00DB737B /* UITableView+IndexPaths.m */,
				6B008FD9170C244A00DB737B /* UITextField+AbstractFormCell.h */,
				6B008FDA170C244A00DB737B /* UITextField+AbstractFormCell.m */,
			);
			path = Categories;
			sourceTree = "<group>";
		};
		6B008FDB170C244A00DB737B /* Cells */ = {
			isa = PBXGroup;
			children = (
				6B008FDC170C244A00DB737B /* BCAbstractCell.h */,
				6B008FDD170C244A00DB737B /* BCAbstractCell.m */,
				6B008FDE170C244A00DB737B /* BCCellDelegate.h */,
				6B008FDF170C244A00DB737B /* BCPasswordCell.h */,
				6B008FE0170C244A00DB737B /* BCPasswordCell.m */,
				6B008FE1170C244A00DB737B /* BCTextFieldCell.h */,
				6B008FE2170C244A00DB737B /* BCTextFieldCell.m */,
			);
			path = Cells;
			sourceTree = "<group>";
		};
		6B008FE3170C244A00DB737B /* Fields */ = {
			isa = PBXGroup;
			children = (
				6B008FE4170C244A00DB737B /* BCAbstractField.h */,
				6B008FE5170C244A00DB737B /* BCAbstractField.m */,
				6B008FE6170C244A00DB737B /* BCPasswordField.h */,
				6B008FE7170C244A00DB737B /* BCPasswordField.m */,
				6B008FE8170C244A00DB737B /* BCPickerField.h */,
				6B008FE9170C244A00DB737B /* BCPickerField.m */,
				6B008FEA170C244A00DB737B /* BCTextField.h */,
				6B008FEB170C244A00DB737B /* BCTextField.m */,
			);
			path = Fields;
			sourceTree = "<group>";
		};
		6B008FEC170C244A00DB737B /* InputAccessory */ = {
			isa = PBXGroup;
			children = (
				6B008FED170C244A00DB737B /* BCDefaultInputAccessory.h */,
				6B008FEE170C244A00DB737B /* BCDefaultInputAccessory.m */,
				6B008FEF170C244A00DB737B /* BCInputAccessoryDelegate.h */,
			);
			path = InputAccessory;
			sourceTree = "<group>";
		};
		6B00900A170C246600DB737B /* Example */ = {
			isa = PBXGroup;
			children = (
				6B00900B170C246600DB737B /* AppDelegate.h */,
				6B00900C170C246600DB737B /* AppDelegate.m */,
				6B00900D170C246600DB737B /* bureaucrat-Info.plist */,
				6B00900E170C246600DB737B /* bureaucrat-Prefix.pch */,
				6B009012170C246600DB737B /* InfoPlist.strings */,
				6B009016170C246600DB737B /* main.m */,
				BA7980999876842A2BEB258C /* FundsTransferForm */,
				BA798CF4502B3B14F6F29CD5 /* Resources */,
				BA798553E561C983BCCA5084 /* Model */,
			);
			path = Example;
			sourceTree = "<group>";
		};
		6BD31AC3170C189A007BAF4F = {
			isa = PBXGroup;
			children = (
				6B00902B170C460400DB737B /* QuartzCore.framework */,
				6B00900A170C246600DB737B /* Example */,
				6BD31AD5170C189A007BAF4F /* bureaucrat */,
				6BD31AF9170C189A007BAF4F /* bureaucratTests */,
				6BD31ACE170C189A007BAF4F /* Frameworks */,
				6BD31ACD170C189A007BAF4F /* Products */,
				CE2B8BC7B0B1493B9CEC7AC0 /* Pods.xcconfig */,
				5E102EDFAD18450BB53BD57F /* Pods-bureaucratTests.xcconfig */,
			);
			sourceTree = "<group>";
		};
		6BD31ACD170C189A007BAF4F /* Products */ = {
			isa = PBXGroup;
			children = (
				6BD31ACC170C189A007BAF4F /* bureaucrat.app */,
				6BD31AF2170C189A007BAF4F /* bureaucratTests.octest */,
			);
			name = Products;
			sourceTree = "<group>";
		};
		6BD31ACE170C189A007BAF4F /* Frameworks */ = {
			isa = PBXGroup;
			children = (
				6BD31ACF170C189A007BAF4F /* UIKit.framework */,
				6BD31AD1170C189A007BAF4F /* Foundation.framework */,
				6BD31AD3170C189A007BAF4F /* CoreGraphics.framework */,
				6BD31AF3170C189A007BAF4F /* SenTestingKit.framework */,
				6F0DADA2B6B24E6B9EAA6D47 /* libPods.a */,
				48569C37ECA243059708F32B /* libPods-bureaucratTests.a */,
			);
			name = Frameworks;
			sourceTree = "<group>";
		};
		6BD31AD5170C189A007BAF4F /* bureaucrat */ = {
			isa = PBXGroup;
			children = (
				6B008FD0170C244A00DB737B /* BCForm.h */,
				6B008FD1170C244A00DB737B /* BCForm.m */,
				6B008FD2170C244A00DB737B /* BCFormSection.h */,
				6B008FD3170C244A00DB737B /* BCFormSection.m */,
				6B008FD4170C244A00DB737B /* BCFormView.h */,
				6B008FD5170C244A00DB737B /* BCFormView.m */,
				6B008FD6170C244A00DB737B /* Categories */,
				6B008FDB170C244A00DB737B /* Cells */,
				6B008FE3170C244A00DB737B /* Fields */,
				6B008FEC170C244A00DB737B /* InputAccessory */,
				BA798A47A705541F281E3617 /* BCFormDelegate.h */,
			);
			path = bureaucrat;
			sourceTree = "<group>";
		};
		6BD31AF9170C189A007BAF4F /* bureaucratTests */ = {
			isa = PBXGroup;
			children = (
				6BD31AFF170C189A007BAF4F /* bureaucratTests.h */,
				6BD31B00170C189A007BAF4F /* bureaucratTests.m */,
				6BD31AFA170C189A007BAF4F /* Supporting Files */,
			);
			path = bureaucratTests;
			sourceTree = "<group>";
		};
		6BD31AFA170C189A007BAF4F /* Supporting Files */ = {
			isa = PBXGroup;
			children = (
				6BD31AFB170C189A007BAF4F /* bureaucratTests-Info.plist */,
				6BD31AFC170C189A007BAF4F /* InfoPlist.strings */,
			);
			name = "Supporting Files";
			sourceTree = "<group>";
		};
		BA7980999876842A2BEB258C /* FundsTransferForm */ = {
			isa = PBXGroup;
			children = (
				BA7988CFAE496EC9E8928FC4 /* FundsTransferViewController.h */,
				BA79801171376769C364AEA7 /* FundsTransferViewController.m */,
				BA798899D7D42F7CCAE96E16 /* Views */,
			);
			path = FundsTransferForm;
			sourceTree = "<group>";
		};
		BA798553E561C983BCCA5084 /* Model */ = {
			isa = PBXGroup;
			children = (
				BA7981F8D8908580B66253FE /* Vehicle.m */,
				BA798277C36EB2822494DE8C /* Vehicle.h */,
			);
			path = Model;
			sourceTree = "<group>";
		};
		BA798899D7D42F7CCAE96E16 /* Views */ = {
			isa = PBXGroup;
			children = (
				BA7981E96002FCA868F2CD79 /* FundsTransferView.m */,
				BA798FC68ADD18D9321B9DEF /* FundsTransferView.h */,
			);
			path = Views;
			sourceTree = "<group>";
		};
		BA798CF4502B3B14F6F29CD5 /* Resources */ = {
			isa = PBXGroup;
			children = (
				BA798EBE601A207D3A2E3752 /* Default-568h@2x.png */,
				BA798F030395FE3D91979212 /* Default@2x.png */,
				BA79898F0829634B21EDA33F /* background-gradient@2x.png */,
				BA798A4DB42F12C72C18A1FA /* background-gradient.png */,
				BA798AE2780FE03F707BEC75 /* Default.png */,
			);
			path = Resources;
			sourceTree = "<group>";
		};
/* End PBXGroup section */

/* Begin PBXNativeTarget section */
		6BD31ACB170C189A007BAF4F /* bureaucrat */ = {
			isa = PBXNativeTarget;
			buildConfigurationList = 6BD31B04170C189A007BAF4F /* Build configuration list for PBXNativeTarget "bureaucrat" */;
			buildPhases = (
				6BD31AC8170C189A007BAF4F /* Sources */,
				6BD31AC9170C189A007BAF4F /* Frameworks */,
				6BD31ACA170C189A007BAF4F /* Resources */,
			);
			buildRules = (
			);
			dependencies = (
			);
			name = bureaucrat;
			productName = bureaucrat;
			productReference = 6BD31ACC170C189A007BAF4F /* bureaucrat.app */;
			productType = "com.apple.product-type.application";
		};
		6BD31AF1170C189A007BAF4F /* bureaucratTests */ = {
			isa = PBXNativeTarget;
			buildConfigurationList = 6BD31B07170C189A007BAF4F /* Build configuration list for PBXNativeTarget "bureaucratTests" */;
			buildPhases = (
				6BD31AED170C189A007BAF4F /* Sources */,
				6BD31AEE170C189A007BAF4F /* Frameworks */,
				6BD31AEF170C189A007BAF4F /* Resources */,
				6BD31AF0170C189A007BAF4F /* ShellScript */,
			);
			buildRules = (
			);
			dependencies = (
				6BD31AF8170C189A007BAF4F /* PBXTargetDependency */,
			);
			name = bureaucratTests;
			productName = bureaucratTests;
			productReference = 6BD31AF2170C189A007BAF4F /* bureaucratTests.octest */;
			productType = "com.apple.product-type.bundle";
		};
/* End PBXNativeTarget section */

/* Begin PBXProject section */
		6BD31AC4170C189A007BAF4F /* Project object */ = {
			isa = PBXProject;
			attributes = {
				LastUpgradeCheck = 0460;
				ORGANIZATIONNAME = com.jasperblues;
			};
			buildConfigurationList = 6BD31AC7170C189A007BAF4F /* Build configuration list for PBXProject "bureaucrat" */;
			compatibilityVersion = "Xcode 3.2";
			developmentRegion = English;
			hasScannedForEncodings = 0;
			knownRegions = (
				en,
			);
			mainGroup = 6BD31AC3170C189A007BAF4F;
			productRefGroup = 6BD31ACD170C189A007BAF4F /* Products */;
			projectDirPath = "";
			projectRoot = "";
			targets = (
				6BD31ACB170C189A007BAF4F /* bureaucrat */,
				6BD31AF1170C189A007BAF4F /* bureaucratTests */,
			);
		};
/* End PBXProject section */

/* Begin PBXResourcesBuildPhase section */
		6BD31ACA170C189A007BAF4F /* Resources */ = {
			isa = PBXResourcesBuildPhase;
			buildActionMask = 2147483647;
			files = (
				6B009023170C246600DB737B /* InfoPlist.strings in Resources */,
				BA79893016C666A9E91E9B2F /* Default-568h@2x.png in Resources */,
				BA798C6640C63D93116918CC /* Default@2x.png in Resources */,
				BA7984B7C5B12A127310A1E4 /* background-gradient@2x.png in Resources */,
				BA79885DDCB7FA7BF1C612C6 /* background-gradient.png in Resources */,
				BA7986C58B41B03692C1E2F6 /* Default.png in Resources */,
			);
			runOnlyForDeploymentPostprocessing = 0;
		};
		6BD31AEF170C189A007BAF4F /* Resources */ = {
			isa = PBXResourcesBuildPhase;
			buildActionMask = 2147483647;
			files = (
				6BD31AFE170C189A007BAF4F /* InfoPlist.strings in Resources */,
				6B00901C170C246600DB737B /* bureaucrat-Info.plist in Resources */,
				BA798489BCE5A6662DDAC73D /* Default-568h@2x.png in Resources */,
				BA79800FE4605A01EF2F9612 /* Default@2x.png in Resources */,
				BA79837D1932E54157F90635 /* background-gradient@2x.png in Resources */,
				BA79847831FF13E234656A09 /* background-gradient.png in Resources */,
				BA798EC034FBFF653E9C6532 /* Default.png in Resources */,
			);
			runOnlyForDeploymentPostprocessing = 0;
		};
/* End PBXResourcesBuildPhase section */

/* Begin PBXShellScriptBuildPhase section */
		6BD31AF0170C189A007BAF4F /* ShellScript */ = {
			isa = PBXShellScriptBuildPhase;
			buildActionMask = 2147483647;
			files = (
			);
			inputPaths = (
			);
			outputPaths = (
			);
			runOnlyForDeploymentPostprocessing = 0;
			shellPath = /bin/sh;
			shellScript = "# Run the unit tests in this test bundle.\n\"${SYSTEM_DEVELOPER_DIR}/Tools/RunUnitTests\"\n";
		};
/* End PBXShellScriptBuildPhase section */

/* Begin PBXSourcesBuildPhase section */
		6BD31AC8170C189A007BAF4F /* Sources */ = {
			isa = PBXSourcesBuildPhase;
			buildActionMask = 2147483647;
			files = (
				6B008FF0170C244A00DB737B /* BCForm.m in Sources */,
				6B008FF2170C244A00DB737B /* BCFormSection.m in Sources */,
				6B008FF4170C244A00DB737B /* BCFormView.m in Sources */,
				6B008FF6170C244A00DB737B /* UITableView+IndexPaths.m in Sources */,
				6B008FF8170C244A00DB737B /* UITextField+AbstractFormCell.m in Sources */,
				6B008FFA170C244A00DB737B /* BCAbstractCell.m in Sources */,
				6B008FFC170C244A00DB737B /* BCPasswordCell.m in Sources */,
				6B008FFE170C244A00DB737B /* BCTextFieldCell.m in Sources */,
				6B009000170C244A00DB737B /* BCAbstractField.m in Sources */,
				6B009002170C244A00DB737B /* BCPasswordField.m in Sources */,
				6B009004170C244A00DB737B /* BCPickerField.m in Sources */,
				6B009006170C244A00DB737B /* BCTextField.m in Sources */,
				6B009008170C244A00DB737B /* BCDefaultInputAccessory.m in Sources */,
				6B009019170C246600DB737B /* AppDelegate.m in Sources */,
				6B009027170C246600DB737B /* main.m in Sources */,
				BA798742848A56F02C4EFAAD /* FundsTransferViewController.m in Sources */,
				BA798F4A76EE34D7C0E87FF7 /* FundsTransferView.m in Sources */,
				BA798D4C1753F245ED71E5BE /* Vehicle.m in Sources */,
			);
			runOnlyForDeploymentPostprocessing = 0;
		};
		6BD31AED170C189A007BAF4F /* Sources */ = {
			isa = PBXSourcesBuildPhase;
			buildActionMask = 2147483647;
			files = (
				6BD31B01170C189A007BAF4F /* bureaucratTests.m in Sources */,
				6B008FF1170C244A00DB737B /* BCForm.m in Sources */,
				6B008FF3170C244A00DB737B /* BCFormSection.m in Sources */,
				6B008FF5170C244A00DB737B /* BCFormView.m in Sources */,
				6B008FF7170C244A00DB737B /* UITableView+IndexPaths.m in Sources */,
				6B008FF9170C244A00DB737B /* UITextField+AbstractFormCell.m in Sources */,
				6B008FFB170C244A00DB737B /* BCAbstractCell.m in Sources */,
				6B008FFD170C244A00DB737B /* BCPasswordCell.m in Sources */,
				6B008FFF170C244A00DB737B /* BCTextFieldCell.m in Sources */,
				6B009001170C244A00DB737B /* BCAbstractField.m in Sources */,
				6B009003170C244A00DB737B /* BCPasswordField.m in Sources */,
				6B009005170C244A00DB737B /* BCPickerField.m in Sources */,
				6B009007170C244A00DB737B /* BCTextField.m in Sources */,
				6B009009170C244A00DB737B /* BCDefaultInputAccessory.m in Sources */,
				6B00901A170C246600DB737B /* AppDelegate.m in Sources */,
				BA7980E45F032666A2719FD8 /* FundsTransferViewController.m in Sources */,
				BA7983198A6E2880002DE087 /* FundsTransferView.m in Sources */,
				BA798F08DDD6101C8413FCA0 /* Vehicle.m in Sources */,
			);
			runOnlyForDeploymentPostprocessing = 0;
		};
/* End PBXSourcesBuildPhase section */

/* Begin PBXTargetDependency section */
		6BD31AF8170C189A007BAF4F /* PBXTargetDependency */ = {
			isa = PBXTargetDependency;
			target = 6BD31ACB170C189A007BAF4F /* bureaucrat */;
			targetProxy = 6BD31AF7170C189A007BAF4F /* PBXContainerItemProxy */;
		};
/* End PBXTargetDependency section */

/* Begin PBXVariantGroup section */
		6B009012170C246600DB737B /* InfoPlist.strings */ = {
			isa = PBXVariantGroup;
			children = (
				6B009013170C246600DB737B /* en */,
			);
			name = InfoPlist.strings;
			sourceTree = "<group>";
		};
		6BD31AFC170C189A007BAF4F /* InfoPlist.strings */ = {
			isa = PBXVariantGroup;
			children = (
				6BD31AFD170C189A007BAF4F /* en */,
			);
			name = InfoPlist.strings;
			sourceTree = "<group>";
		};
/* End PBXVariantGroup section */

/* Begin XCBuildConfiguration section */
		6BD31B02170C189A007BAF4F /* Debug */ = {
			isa = XCBuildConfiguration;
			buildSettings = {
				ALWAYS_SEARCH_USER_PATHS = NO;
				CLANG_CXX_LANGUAGE_STANDARD = "gnu++0x";
				CLANG_CXX_LIBRARY = "libc++";
				CLANG_ENABLE_OBJC_ARC = YES;
				CLANG_WARN_CONSTANT_CONVERSION = YES;
				CLANG_WARN_EMPTY_BODY = YES;
				CLANG_WARN_ENUM_CONVERSION = YES;
				CLANG_WARN_INT_CONVERSION = YES;
				CLANG_WARN__DUPLICATE_METHOD_MATCH = YES;
				"CODE_SIGN_IDENTITY[sdk=iphoneos*]" = "iPhone Developer";
				COPY_PHASE_STRIP = NO;
				GCC_C_LANGUAGE_STANDARD = gnu99;
				GCC_DYNAMIC_NO_PIC = NO;
				GCC_OPTIMIZATION_LEVEL = 0;
				GCC_PREPROCESSOR_DEFINITIONS = (
					"DEBUG=1",
					"$(inherited)",
				);
				GCC_SYMBOLS_PRIVATE_EXTERN = NO;
				GCC_WARN_ABOUT_RETURN_TYPE = YES;
				GCC_WARN_UNINITIALIZED_AUTOS = YES;
				GCC_WARN_UNUSED_VARIABLE = YES;
				IPHONEOS_DEPLOYMENT_TARGET = 6.1;
				ONLY_ACTIVE_ARCH = YES;
				SDKROOT = iphoneos;
			};
			name = Debug;
		};
		6BD31B03170C189A007BAF4F /* Release */ = {
			isa = XCBuildConfiguration;
			buildSettings = {
				ALWAYS_SEARCH_USER_PATHS = NO;
				CLANG_CXX_LANGUAGE_STANDARD = "gnu++0x";
				CLANG_CXX_LIBRARY = "libc++";
				CLANG_ENABLE_OBJC_ARC = YES;
				CLANG_WARN_CONSTANT_CONVERSION = YES;
				CLANG_WARN_EMPTY_BODY = YES;
				CLANG_WARN_ENUM_CONVERSION = YES;
				CLANG_WARN_INT_CONVERSION = YES;
				CLANG_WARN__DUPLICATE_METHOD_MATCH = YES;
				"CODE_SIGN_IDENTITY[sdk=iphoneos*]" = "iPhone Developer";
				COPY_PHASE_STRIP = YES;
				GCC_C_LANGUAGE_STANDARD = gnu99;
				GCC_WARN_ABOUT_RETURN_TYPE = YES;
				GCC_WARN_UNINITIALIZED_AUTOS = YES;
				GCC_WARN_UNUSED_VARIABLE = YES;
				IPHONEOS_DEPLOYMENT_TARGET = 6.1;
				OTHER_CFLAGS = "-DNS_BLOCK_ASSERTIONS=1";
				SDKROOT = iphoneos;
				VALIDATE_PRODUCT = YES;
			};
			name = Release;
		};
		6BD31B05170C189A007BAF4F /* Debug */ = {
			isa = XCBuildConfiguration;
			baseConfigurationReference = CE2B8BC7B0B1493B9CEC7AC0 /* Pods.xcconfig */;
			buildSettings = {
				GCC_PRECOMPILE_PREFIX_HEADER = YES;
				GCC_PREFIX_HEADER = "Example/bureaucrat-Prefix.pch";
				INFOPLIST_FILE = "Example/bureaucrat-Info.plist";
				PRODUCT_NAME = "$(TARGET_NAME)";
				WRAPPER_EXTENSION = app;
			};
			name = Debug;
		};
		6BD31B06170C189A007BAF4F /* Release */ = {
			isa = XCBuildConfiguration;
			baseConfigurationReference = CE2B8BC7B0B1493B9CEC7AC0 /* Pods.xcconfig */;
			buildSettings = {
				GCC_PRECOMPILE_PREFIX_HEADER = YES;
				GCC_PREFIX_HEADER = "Example/bureaucrat-Prefix.pch";
				INFOPLIST_FILE = "Example/bureaucrat-Info.plist";
				PRODUCT_NAME = "$(TARGET_NAME)";
				WRAPPER_EXTENSION = app;
			};
			name = Release;
		};
		6BD31B08170C189A007BAF4F /* Debug */ = {
			isa = XCBuildConfiguration;
			baseConfigurationReference = 5E102EDFAD18450BB53BD57F /* Pods-bureaucratTests.xcconfig */;
			buildSettings = {
				BUNDLE_LOADER = "$(BUILT_PRODUCTS_DIR)/bureaucrat.app/bureaucrat";
				FRAMEWORK_SEARCH_PATHS = (
					"\"$(SDKROOT)/Developer/Library/Frameworks\"",
					"\"$(DEVELOPER_LIBRARY_DIR)/Frameworks\"",
				);
				GCC_PRECOMPILE_PREFIX_HEADER = YES;
				GCC_PREFIX_HEADER = "bureaucrat/bureaucrat-Prefix.pch";
				INFOPLIST_FILE = "bureaucratTests/bureaucratTests-Info.plist";
				PRODUCT_NAME = "$(TARGET_NAME)";
				TEST_HOST = "$(BUNDLE_LOADER)";
				WRAPPER_EXTENSION = octest;
			};
			name = Debug;
		};
		6BD31B09170C189A007BAF4F /* Release */ = {
			isa = XCBuildConfiguration;
			baseConfigurationReference = 5E102EDFAD18450BB53BD57F /* Pods-bureaucratTests.xcconfig */;
			buildSettings = {
				BUNDLE_LOADER = "$(BUILT_PRODUCTS_DIR)/bureaucrat.app/bureaucrat";
				FRAMEWORK_SEARCH_PATHS = (
					"\"$(SDKROOT)/Developer/Library/Frameworks\"",
					"\"$(DEVELOPER_LIBRARY_DIR)/Frameworks\"",
				);
				GCC_PRECOMPILE_PREFIX_HEADER = YES;
				GCC_PREFIX_HEADER = "bureaucrat/bureaucrat-Prefix.pch";
				INFOPLIST_FILE = "bureaucratTests/bureaucratTests-Info.plist";
				PRODUCT_NAME = "$(TARGET_NAME)";
				TEST_HOST = "$(BUNDLE_LOADER)";
				WRAPPER_EXTENSION = octest;
			};
			name = Release;
		};
/* End XCBuildConfiguration section */

/* Begin XCConfigurationList section */
		6BD31AC7170C189A007BAF4F /* Build configuration list for PBXProject "bureaucrat" */ = {
			isa = XCConfigurationList;
			buildConfigurations = (
				6BD31B02170C189A007BAF4F /* Debug */,
				6BD31B03170C189A007BAF4F /* Release */,
			);
			defaultConfigurationIsVisible = 0;
			defaultConfigurationName = Release;
		};
		6BD31B04170C189A007BAF4F /* Build configuration list for PBXNativeTarget "bureaucrat" */ = {
			isa = XCConfigurationList;
			buildConfigurations = (
				6BD31B05170C189A007BAF4F /* Debug */,
				6BD31B06170C189A007BAF4F /* Release */,
			);
			defaultConfigurationIsVisible = 0;
			defaultConfigurationName = Release;
		};
		6BD31B07170C189A007BAF4F /* Build configuration list for PBXNativeTarget "bureaucratTests" */ = {
			isa = XCConfigurationList;
			buildConfigurations = (
				6BD31B08170C189A007BAF4F /* Debug */,
				6BD31B09170C189A007BAF4F /* Release */,
			);
			defaultConfigurationIsVisible = 0;
			defaultConfigurationName = Release;
		};
/* End XCConfigurationList section */
	};
	rootObject = 6BD31AC4170C189A007BAF4F /* Project object */;
}
