<?xml version="1.0" encoding="UTF-8"?>
<!DOCTYPE plist PUBLIC "-//Apple//DTD PLIST 1.0//EN" "http://www.apple.com/DTDs/PropertyList-1.0.dtd">
<plist version="1.0">
<dict>
	<key>archiveVersion</key>
	<string>1</string>
	<key>classes</key>
	<dict/>
	<key>objectVersion</key>
	<string>46</string>
	<key>objects</key>
	<dict>
		<key>48569C37ECA243059708F32B</key>
		<dict>
			<key>explicitFileType</key>
			<string>archive.ar</string>
			<key>includeInIndex</key>
			<string>0</string>
			<key>isa</key>
			<string>PBXFileReference</string>
			<key>name</key>
			<string>libPods-bureaucratTests.a</string>
			<key>path</key>
			<string>libPods-bureaucratTests.a</string>
			<key>sourceTree</key>
			<string>BUILT_PRODUCTS_DIR</string>
		</dict>
		<key>5E102EDFAD18450BB53BD57F</key>
		<dict>
			<key>includeInIndex</key>
			<string>1</string>
			<key>isa</key>
			<string>PBXFileReference</string>
			<key>lastKnownFileType</key>
			<string>text.xcconfig</string>
			<key>name</key>
			<string>Pods-bureaucratTests.xcconfig</string>
			<key>path</key>
			<string>Pods/Pods-bureaucratTests.xcconfig</string>
			<key>sourceTree</key>
			<string>SOURCE_ROOT</string>
		</dict>
		<key>682D86C2601D4C74B4DAAA20</key>
		<dict>
			<key>fileRef</key>
			<string>6F0DADA2B6B24E6B9EAA6D47</string>
			<key>isa</key>
			<string>PBXBuildFile</string>
			<key>settings</key>
			<dict/>
		</dict>
		<key>6B008FD0170C244A00DB737B</key>
		<dict>
			<key>fileEncoding</key>
			<string>4</string>
			<key>isa</key>
			<string>PBXFileReference</string>
			<key>lastKnownFileType</key>
			<string>sourcecode.c.h</string>
			<key>path</key>
			<string>BCForm.h</string>
			<key>sourceTree</key>
			<string>&lt;group&gt;</string>
		</dict>
		<key>6B008FD1170C244A00DB737B</key>
		<dict>
			<key>fileEncoding</key>
			<string>4</string>
			<key>isa</key>
			<string>PBXFileReference</string>
			<key>lastKnownFileType</key>
			<string>sourcecode.c.objc</string>
			<key>path</key>
			<string>BCForm.m</string>
			<key>sourceTree</key>
			<string>&lt;group&gt;</string>
		</dict>
		<key>6B008FD2170C244A00DB737B</key>
		<dict>
			<key>fileEncoding</key>
			<string>4</string>
			<key>isa</key>
			<string>PBXFileReference</string>
			<key>lastKnownFileType</key>
			<string>sourcecode.c.h</string>
			<key>path</key>
			<string>BCFormSection.h</string>
			<key>sourceTree</key>
			<string>&lt;group&gt;</string>
		</dict>
		<key>6B008FD3170C244A00DB737B</key>
		<dict>
			<key>fileEncoding</key>
			<string>4</string>
			<key>isa</key>
			<string>PBXFileReference</string>
			<key>lastKnownFileType</key>
			<string>sourcecode.c.objc</string>
			<key>path</key>
			<string>BCFormSection.m</string>
			<key>sourceTree</key>
			<string>&lt;group&gt;</string>
		</dict>
		<key>6B008FD4170C244A00DB737B</key>
		<dict>
			<key>fileEncoding</key>
			<string>4</string>
			<key>isa</key>
			<string>PBXFileReference</string>
			<key>lastKnownFileType</key>
			<string>sourcecode.c.h</string>
			<key>path</key>
			<string>BCFormView.h</string>
			<key>sourceTree</key>
			<string>&lt;group&gt;</string>
		</dict>
		<key>6B008FD5170C244A00DB737B</key>
		<dict>
			<key>fileEncoding</key>
			<string>4</string>
			<key>isa</key>
			<string>PBXFileReference</string>
			<key>lastKnownFileType</key>
			<string>sourcecode.c.objc</string>
			<key>path</key>
			<string>BCFormView.m</string>
			<key>sourceTree</key>
			<string>&lt;group&gt;</string>
		</dict>
		<key>6B008FD6170C244A00DB737B</key>
		<dict>
			<key>children</key>
			<array>
				<string>6B008FD7170C244A00DB737B</string>
				<string>6B008FD8170C244A00DB737B</string>
				<string>6B008FD9170C244A00DB737B</string>
				<string>6B008FDA170C244A00DB737B</string>
			</array>
			<key>isa</key>
			<string>PBXGroup</string>
			<key>path</key>
			<string>Categories</string>
			<key>sourceTree</key>
			<string>&lt;group&gt;</string>
		</dict>
		<key>6B008FD7170C244A00DB737B</key>
		<dict>
			<key>fileEncoding</key>
			<string>4</string>
			<key>isa</key>
			<string>PBXFileReference</string>
			<key>lastKnownFileType</key>
			<string>sourcecode.c.h</string>
			<key>path</key>
			<string>UITableView+IndexPaths.h</string>
			<key>sourceTree</key>
			<string>&lt;group&gt;</string>
		</dict>
		<key>6B008FD8170C244A00DB737B</key>
		<dict>
			<key>fileEncoding</key>
			<string>4</string>
			<key>isa</key>
			<string>PBXFileReference</string>
			<key>lastKnownFileType</key>
			<string>sourcecode.c.objc</string>
			<key>path</key>
			<string>UITableView+IndexPaths.m</string>
			<key>sourceTree</key>
			<string>&lt;group&gt;</string>
		</dict>
		<key>6B008FD9170C244A00DB737B</key>
		<dict>
			<key>fileEncoding</key>
			<string>4</string>
			<key>isa</key>
			<string>PBXFileReference</string>
			<key>lastKnownFileType</key>
			<string>sourcecode.c.h</string>
			<key>path</key>
			<string>UITextField+AbstractFormCell.h</string>
			<key>sourceTree</key>
			<string>&lt;group&gt;</string>
		</dict>
		<key>6B008FDA170C244A00DB737B</key>
		<dict>
			<key>fileEncoding</key>
			<string>4</string>
			<key>isa</key>
			<string>PBXFileReference</string>
			<key>lastKnownFileType</key>
			<string>sourcecode.c.objc</string>
			<key>path</key>
			<string>UITextField+AbstractFormCell.m</string>
			<key>sourceTree</key>
			<string>&lt;group&gt;</string>
		</dict>
		<key>6B008FDB170C244A00DB737B</key>
		<dict>
			<key>children</key>
			<array>
				<string>6B008FDC170C244A00DB737B</string>
				<string>6B008FDD170C244A00DB737B</string>
				<string>6B008FDE170C244A00DB737B</string>
				<string>6B008FDF170C244A00DB737B</string>
				<string>6B008FE0170C244A00DB737B</string>
				<string>6B008FE1170C244A00DB737B</string>
				<string>6B008FE2170C244A00DB737B</string>
			</array>
			<key>isa</key>
			<string>PBXGroup</string>
			<key>path</key>
			<string>Cells</string>
			<key>sourceTree</key>
			<string>&lt;group&gt;</string>
		</dict>
		<key>6B008FDC170C244A00DB737B</key>
		<dict>
			<key>fileEncoding</key>
			<string>4</string>
			<key>isa</key>
			<string>PBXFileReference</string>
			<key>lastKnownFileType</key>
			<string>sourcecode.c.h</string>
			<key>path</key>
			<string>BCAbstractFormCell.h</string>
			<key>sourceTree</key>
			<string>&lt;group&gt;</string>
		</dict>
		<key>6B008FDD170C244A00DB737B</key>
		<dict>
			<key>fileEncoding</key>
			<string>4</string>
			<key>isa</key>
			<string>PBXFileReference</string>
			<key>lastKnownFileType</key>
			<string>sourcecode.c.objc</string>
			<key>path</key>
			<string>BCAbstractFormCell.m</string>
			<key>sourceTree</key>
			<string>&lt;group&gt;</string>
		</dict>
		<key>6B008FDE170C244A00DB737B</key>
		<dict>
			<key>fileEncoding</key>
			<string>4</string>
			<key>isa</key>
			<string>PBXFileReference</string>
			<key>lastKnownFileType</key>
			<string>sourcecode.c.h</string>
			<key>path</key>
			<string>BCFormCellDelegate.h</string>
			<key>sourceTree</key>
			<string>&lt;group&gt;</string>
		</dict>
		<key>6B008FDF170C244A00DB737B</key>
		<dict>
			<key>fileEncoding</key>
			<string>4</string>
			<key>isa</key>
			<string>PBXFileReference</string>
			<key>lastKnownFileType</key>
			<string>sourcecode.c.h</string>
			<key>path</key>
			<string>BCPasswordFormCell.h</string>
			<key>sourceTree</key>
			<string>&lt;group&gt;</string>
		</dict>
		<key>6B008FE0170C244A00DB737B</key>
		<dict>
			<key>fileEncoding</key>
			<string>4</string>
			<key>isa</key>
			<string>PBXFileReference</string>
			<key>lastKnownFileType</key>
			<string>sourcecode.c.objc</string>
			<key>path</key>
			<string>BCPasswordFormCell.m</string>
			<key>sourceTree</key>
			<string>&lt;group&gt;</string>
		</dict>
		<key>6B008FE1170C244A00DB737B</key>
		<dict>
			<key>fileEncoding</key>
			<string>4</string>
			<key>isa</key>
			<string>PBXFileReference</string>
			<key>lastKnownFileType</key>
			<string>sourcecode.c.h</string>
			<key>path</key>
			<string>BCTextFieldFormCell.h</string>
			<key>sourceTree</key>
			<string>&lt;group&gt;</string>
		</dict>
		<key>6B008FE2170C244A00DB737B</key>
		<dict>
			<key>fileEncoding</key>
			<string>4</string>
			<key>isa</key>
			<string>PBXFileReference</string>
			<key>lastKnownFileType</key>
			<string>sourcecode.c.objc</string>
			<key>path</key>
			<string>BCTextFieldFormCell.m</string>
			<key>sourceTree</key>
			<string>&lt;group&gt;</string>
		</dict>
		<key>6B008FE3170C244A00DB737B</key>
		<dict>
			<key>children</key>
			<array>
				<string>6B008FE4170C244A00DB737B</string>
				<string>6B008FE5170C244A00DB737B</string>
				<string>6B008FE6170C244A00DB737B</string>
				<string>6B008FE7170C244A00DB737B</string>
				<string>6B008FE8170C244A00DB737B</string>
				<string>6B008FE9170C244A00DB737B</string>
				<string>6B008FEA170C244A00DB737B</string>
				<string>6B008FEB170C244A00DB737B</string>
			</array>
			<key>isa</key>
			<string>PBXGroup</string>
			<key>path</key>
			<string>Fields</string>
			<key>sourceTree</key>
			<string>&lt;group&gt;</string>
		</dict>
		<key>6B008FE4170C244A00DB737B</key>
		<dict>
			<key>fileEncoding</key>
			<string>4</string>
			<key>isa</key>
			<string>PBXFileReference</string>
			<key>lastKnownFileType</key>
			<string>sourcecode.c.h</string>
			<key>path</key>
			<string>BCAbstractField.h</string>
			<key>sourceTree</key>
			<string>&lt;group&gt;</string>
		</dict>
		<key>6B008FE5170C244A00DB737B</key>
		<dict>
			<key>fileEncoding</key>
			<string>4</string>
			<key>isa</key>
			<string>PBXFileReference</string>
			<key>lastKnownFileType</key>
			<string>sourcecode.c.objc</string>
			<key>path</key>
			<string>BCAbstractField.m</string>
			<key>sourceTree</key>
			<string>&lt;group&gt;</string>
		</dict>
		<key>6B008FE6170C244A00DB737B</key>
		<dict>
			<key>fileEncoding</key>
			<string>4</string>
			<key>isa</key>
			<string>PBXFileReference</string>
			<key>lastKnownFileType</key>
			<string>sourcecode.c.h</string>
			<key>path</key>
			<string>BCPasswordField.h</string>
			<key>sourceTree</key>
			<string>&lt;group&gt;</string>
		</dict>
		<key>6B008FE7170C244A00DB737B</key>
		<dict>
			<key>fileEncoding</key>
			<string>4</string>
			<key>isa</key>
			<string>PBXFileReference</string>
			<key>lastKnownFileType</key>
			<string>sourcecode.c.objc</string>
			<key>path</key>
			<string>BCPasswordField.m</string>
			<key>sourceTree</key>
			<string>&lt;group&gt;</string>
		</dict>
		<key>6B008FE8170C244A00DB737B</key>
		<dict>
			<key>fileEncoding</key>
			<string>4</string>
			<key>isa</key>
			<string>PBXFileReference</string>
			<key>lastKnownFileType</key>
			<string>sourcecode.c.h</string>
			<key>path</key>
			<string>BCPickerField.h</string>
			<key>sourceTree</key>
			<string>&lt;group&gt;</string>
		</dict>
		<key>6B008FE9170C244A00DB737B</key>
		<dict>
			<key>fileEncoding</key>
			<string>4</string>
			<key>isa</key>
			<string>PBXFileReference</string>
			<key>lastKnownFileType</key>
			<string>sourcecode.c.objc</string>
			<key>path</key>
			<string>BCPickerField.m</string>
			<key>sourceTree</key>
			<string>&lt;group&gt;</string>
		</dict>
		<key>6B008FEA170C244A00DB737B</key>
		<dict>
			<key>fileEncoding</key>
			<string>4</string>
			<key>isa</key>
			<string>PBXFileReference</string>
			<key>lastKnownFileType</key>
			<string>sourcecode.c.h</string>
			<key>path</key>
			<string>BCTextField.h</string>
			<key>sourceTree</key>
			<string>&lt;group&gt;</string>
		</dict>
		<key>6B008FEB170C244A00DB737B</key>
		<dict>
			<key>fileEncoding</key>
			<string>4</string>
			<key>isa</key>
			<string>PBXFileReference</string>
			<key>lastKnownFileType</key>
			<string>sourcecode.c.objc</string>
			<key>path</key>
			<string>BCTextField.m</string>
			<key>sourceTree</key>
			<string>&lt;group&gt;</string>
		</dict>
		<key>6B008FEC170C244A00DB737B</key>
		<dict>
			<key>children</key>
			<array>
				<string>6B008FED170C244A00DB737B</string>
				<string>6B008FEE170C244A00DB737B</string>
				<string>6B008FEF170C244A00DB737B</string>
			</array>
			<key>isa</key>
			<string>PBXGroup</string>
			<key>path</key>
			<string>InputAccessory</string>
			<key>sourceTree</key>
			<string>&lt;group&gt;</string>
		</dict>
		<key>6B008FED170C244A00DB737B</key>
		<dict>
			<key>fileEncoding</key>
			<string>4</string>
			<key>isa</key>
			<string>PBXFileReference</string>
			<key>lastKnownFileType</key>
			<string>sourcecode.c.h</string>
			<key>path</key>
			<string>BCFormInputAccessoryView.h</string>
			<key>sourceTree</key>
			<string>&lt;group&gt;</string>
		</dict>
		<key>6B008FEE170C244A00DB737B</key>
		<dict>
			<key>fileEncoding</key>
			<string>4</string>
			<key>isa</key>
			<string>PBXFileReference</string>
			<key>lastKnownFileType</key>
			<string>sourcecode.c.objc</string>
			<key>path</key>
			<string>BCFormInputAccessoryView.m</string>
			<key>sourceTree</key>
			<string>&lt;group&gt;</string>
		</dict>
		<key>6B008FEF170C244A00DB737B</key>
		<dict>
			<key>fileEncoding</key>
			<string>4</string>
			<key>isa</key>
			<string>PBXFileReference</string>
			<key>lastKnownFileType</key>
			<string>sourcecode.c.h</string>
			<key>path</key>
			<string>BCFormInputAccessoryViewDelegate.h</string>
			<key>sourceTree</key>
			<string>&lt;group&gt;</string>
		</dict>
		<key>6B008FF0170C244A00DB737B</key>
		<dict>
			<key>fileRef</key>
			<string>6B008FD1170C244A00DB737B</string>
			<key>isa</key>
			<string>PBXBuildFile</string>
		</dict>
		<key>6B008FF1170C244A00DB737B</key>
		<dict>
			<key>fileRef</key>
			<string>6B008FD1170C244A00DB737B</string>
			<key>isa</key>
			<string>PBXBuildFile</string>
		</dict>
		<key>6B008FF2170C244A00DB737B</key>
		<dict>
			<key>fileRef</key>
			<string>6B008FD3170C244A00DB737B</string>
			<key>isa</key>
			<string>PBXBuildFile</string>
		</dict>
		<key>6B008FF3170C244A00DB737B</key>
		<dict>
			<key>fileRef</key>
			<string>6B008FD3170C244A00DB737B</string>
			<key>isa</key>
			<string>PBXBuildFile</string>
		</dict>
		<key>6B008FF4170C244A00DB737B</key>
		<dict>
			<key>fileRef</key>
			<string>6B008FD5170C244A00DB737B</string>
			<key>isa</key>
			<string>PBXBuildFile</string>
		</dict>
		<key>6B008FF5170C244A00DB737B</key>
		<dict>
			<key>fileRef</key>
			<string>6B008FD5170C244A00DB737B</string>
			<key>isa</key>
			<string>PBXBuildFile</string>
		</dict>
		<key>6B008FF6170C244A00DB737B</key>
		<dict>
			<key>fileRef</key>
			<string>6B008FD8170C244A00DB737B</string>
			<key>isa</key>
			<string>PBXBuildFile</string>
		</dict>
		<key>6B008FF7170C244A00DB737B</key>
		<dict>
			<key>fileRef</key>
			<string>6B008FD8170C244A00DB737B</string>
			<key>isa</key>
			<string>PBXBuildFile</string>
		</dict>
		<key>6B008FF8170C244A00DB737B</key>
		<dict>
			<key>fileRef</key>
			<string>6B008FDA170C244A00DB737B</string>
			<key>isa</key>
			<string>PBXBuildFile</string>
		</dict>
		<key>6B008FF9170C244A00DB737B</key>
		<dict>
			<key>fileRef</key>
			<string>6B008FDA170C244A00DB737B</string>
			<key>isa</key>
			<string>PBXBuildFile</string>
		</dict>
		<key>6B008FFA170C244A00DB737B</key>
		<dict>
			<key>fileRef</key>
			<string>6B008FDD170C244A00DB737B</string>
			<key>isa</key>
			<string>PBXBuildFile</string>
		</dict>
		<key>6B008FFB170C244A00DB737B</key>
		<dict>
			<key>fileRef</key>
			<string>6B008FDD170C244A00DB737B</string>
			<key>isa</key>
			<string>PBXBuildFile</string>
		</dict>
		<key>6B008FFC170C244A00DB737B</key>
		<dict>
			<key>fileRef</key>
			<string>6B008FE0170C244A00DB737B</string>
			<key>isa</key>
			<string>PBXBuildFile</string>
		</dict>
		<key>6B008FFD170C244A00DB737B</key>
		<dict>
			<key>fileRef</key>
			<string>6B008FE0170C244A00DB737B</string>
			<key>isa</key>
			<string>PBXBuildFile</string>
		</dict>
		<key>6B008FFE170C244A00DB737B</key>
		<dict>
			<key>fileRef</key>
			<string>6B008FE2170C244A00DB737B</string>
			<key>isa</key>
			<string>PBXBuildFile</string>
		</dict>
		<key>6B008FFF170C244A00DB737B</key>
		<dict>
			<key>fileRef</key>
			<string>6B008FE2170C244A00DB737B</string>
			<key>isa</key>
			<string>PBXBuildFile</string>
		</dict>
		<key>6B009000170C244A00DB737B</key>
		<dict>
			<key>fileRef</key>
			<string>6B008FE5170C244A00DB737B</string>
			<key>isa</key>
			<string>PBXBuildFile</string>
		</dict>
		<key>6B009001170C244A00DB737B</key>
		<dict>
			<key>fileRef</key>
			<string>6B008FE5170C244A00DB737B</string>
			<key>isa</key>
			<string>PBXBuildFile</string>
		</dict>
		<key>6B009002170C244A00DB737B</key>
		<dict>
			<key>fileRef</key>
			<string>6B008FE7170C244A00DB737B</string>
			<key>isa</key>
			<string>PBXBuildFile</string>
		</dict>
		<key>6B009003170C244A00DB737B</key>
		<dict>
			<key>fileRef</key>
			<string>6B008FE7170C244A00DB737B</string>
			<key>isa</key>
			<string>PBXBuildFile</string>
		</dict>
		<key>6B009004170C244A00DB737B</key>
		<dict>
			<key>fileRef</key>
			<string>6B008FE9170C244A00DB737B</string>
			<key>isa</key>
			<string>PBXBuildFile</string>
		</dict>
		<key>6B009005170C244A00DB737B</key>
		<dict>
			<key>fileRef</key>
			<string>6B008FE9170C244A00DB737B</string>
			<key>isa</key>
			<string>PBXBuildFile</string>
		</dict>
		<key>6B009006170C244A00DB737B</key>
		<dict>
			<key>fileRef</key>
			<string>6B008FEB170C244A00DB737B</string>
			<key>isa</key>
			<string>PBXBuildFile</string>
		</dict>
		<key>6B009007170C244A00DB737B</key>
		<dict>
			<key>fileRef</key>
			<string>6B008FEB170C244A00DB737B</string>
			<key>isa</key>
			<string>PBXBuildFile</string>
		</dict>
		<key>6B009008170C244A00DB737B</key>
		<dict>
			<key>fileRef</key>
			<string>6B008FEE170C244A00DB737B</string>
			<key>isa</key>
			<string>PBXBuildFile</string>
		</dict>
		<key>6B009009170C244A00DB737B</key>
		<dict>
			<key>fileRef</key>
			<string>6B008FEE170C244A00DB737B</string>
			<key>isa</key>
			<string>PBXBuildFile</string>
		</dict>
		<key>6B00900A170C246600DB737B</key>
		<dict>
			<key>children</key>
			<array>
				<string>6B00900B170C246600DB737B</string>
				<string>6B00900C170C246600DB737B</string>
				<string>6B00900D170C246600DB737B</string>
				<string>6B00900E170C246600DB737B</string>
				<string>6B009012170C246600DB737B</string>
				<string>6B009016170C246600DB737B</string>
				<string>BA7980999876842A2BEB258C</string>
				<string>BA798CF4502B3B14F6F29CD5</string>
			</array>
			<key>isa</key>
			<string>PBXGroup</string>
			<key>path</key>
			<string>Example</string>
			<key>sourceTree</key>
			<string>&lt;group&gt;</string>
		</dict>
		<key>6B00900B170C246600DB737B</key>
		<dict>
			<key>fileEncoding</key>
			<string>4</string>
			<key>isa</key>
			<string>PBXFileReference</string>
			<key>lastKnownFileType</key>
			<string>sourcecode.c.h</string>
			<key>path</key>
			<string>AppDelegate.h</string>
			<key>sourceTree</key>
			<string>&lt;group&gt;</string>
		</dict>
		<key>6B00900C170C246600DB737B</key>
		<dict>
			<key>fileEncoding</key>
			<string>4</string>
			<key>isa</key>
			<string>PBXFileReference</string>
			<key>lastKnownFileType</key>
			<string>sourcecode.c.objc</string>
			<key>path</key>
			<string>AppDelegate.m</string>
			<key>sourceTree</key>
			<string>&lt;group&gt;</string>
		</dict>
		<key>6B00900D170C246600DB737B</key>
		<dict>
			<key>fileEncoding</key>
			<string>4</string>
			<key>isa</key>
			<string>PBXFileReference</string>
			<key>lastKnownFileType</key>
			<string>text.plist.xml</string>
			<key>path</key>
			<string>bureaucrat-Info.plist</string>
			<key>sourceTree</key>
			<string>&lt;group&gt;</string>
		</dict>
		<key>6B00900E170C246600DB737B</key>
		<dict>
			<key>fileEncoding</key>
			<string>4</string>
			<key>isa</key>
			<string>PBXFileReference</string>
			<key>lastKnownFileType</key>
			<string>sourcecode.c.h</string>
			<key>path</key>
			<string>bureaucrat-Prefix.pch</string>
			<key>sourceTree</key>
			<string>&lt;group&gt;</string>
		</dict>
		<key>6B009012170C246600DB737B</key>
		<dict>
			<key>children</key>
			<array>
				<string>6B009013170C246600DB737B</string>
			</array>
			<key>isa</key>
			<string>PBXVariantGroup</string>
			<key>name</key>
			<string>InfoPlist.strings</string>
			<key>sourceTree</key>
			<string>&lt;group&gt;</string>
		</dict>
		<key>6B009013170C246600DB737B</key>
		<dict>
			<key>isa</key>
			<string>PBXFileReference</string>
			<key>lastKnownFileType</key>
			<string>text.plist.strings</string>
			<key>name</key>
			<string>en</string>
			<key>path</key>
			<string>en.lproj/InfoPlist.strings</string>
			<key>sourceTree</key>
			<string>&lt;group&gt;</string>
		</dict>
		<key>6B009016170C246600DB737B</key>
		<dict>
			<key>fileEncoding</key>
			<string>4</string>
			<key>isa</key>
			<string>PBXFileReference</string>
			<key>lastKnownFileType</key>
			<string>sourcecode.c.objc</string>
			<key>path</key>
			<string>main.m</string>
			<key>sourceTree</key>
			<string>&lt;group&gt;</string>
		</dict>
		<key>6B009019170C246600DB737B</key>
		<dict>
			<key>fileRef</key>
			<string>6B00900C170C246600DB737B</string>
			<key>isa</key>
			<string>PBXBuildFile</string>
		</dict>
		<key>6B00901A170C246600DB737B</key>
		<dict>
			<key>fileRef</key>
			<string>6B00900C170C246600DB737B</string>
			<key>isa</key>
			<string>PBXBuildFile</string>
		</dict>
		<key>6B00901C170C246600DB737B</key>
		<dict>
			<key>fileRef</key>
			<string>6B00900D170C246600DB737B</string>
			<key>isa</key>
			<string>PBXBuildFile</string>
		</dict>
		<key>6B009023170C246600DB737B</key>
		<dict>
			<key>fileRef</key>
			<string>6B009012170C246600DB737B</string>
			<key>isa</key>
			<string>PBXBuildFile</string>
		</dict>
		<key>6B009027170C246600DB737B</key>
		<dict>
			<key>fileRef</key>
			<string>6B009016170C246600DB737B</string>
			<key>isa</key>
			<string>PBXBuildFile</string>
		</dict>
		<key>6B00902B170C460400DB737B</key>
		<dict>
			<key>isa</key>
			<string>PBXFileReference</string>
			<key>lastKnownFileType</key>
			<string>wrapper.framework</string>
			<key>name</key>
			<string>QuartzCore.framework</string>
			<key>path</key>
			<string>System/Library/Frameworks/QuartzCore.framework</string>
			<key>sourceTree</key>
			<string>SDKROOT</string>
		</dict>
		<key>6B00902C170C460400DB737B</key>
		<dict>
			<key>fileRef</key>
			<string>6B00902B170C460400DB737B</string>
			<key>isa</key>
			<string>PBXBuildFile</string>
		</dict>
		<key>6B00902D170C460B00DB737B</key>
		<dict>
			<key>fileRef</key>
			<string>6B00902B170C460400DB737B</string>
			<key>isa</key>
			<string>PBXBuildFile</string>
		</dict>
		<key>6BD31AC3170C189A007BAF4F</key>
		<dict>
			<key>children</key>
			<array>
				<string>6B00902B170C460400DB737B</string>
				<string>6B00900A170C246600DB737B</string>
				<string>6BD31AD5170C189A007BAF4F</string>
				<string>6BD31AF9170C189A007BAF4F</string>
				<string>6BD31ACE170C189A007BAF4F</string>
				<string>6BD31ACD170C189A007BAF4F</string>
				<string>CE2B8BC7B0B1493B9CEC7AC0</string>
				<string>5E102EDFAD18450BB53BD57F</string>
			</array>
			<key>isa</key>
			<string>PBXGroup</string>
			<key>sourceTree</key>
			<string>&lt;group&gt;</string>
		</dict>
		<key>6BD31AC4170C189A007BAF4F</key>
		<dict>
			<key>attributes</key>
			<dict>
				<key>LastUpgradeCheck</key>
				<string>0460</string>
				<key>ORGANIZATIONNAME</key>
				<string>com.jasperblues</string>
			</dict>
			<key>buildConfigurationList</key>
			<string>6BD31AC7170C189A007BAF4F</string>
			<key>compatibilityVersion</key>
			<string>Xcode 3.2</string>
			<key>developmentRegion</key>
			<string>English</string>
			<key>hasScannedForEncodings</key>
			<string>0</string>
			<key>isa</key>
			<string>PBXProject</string>
			<key>knownRegions</key>
			<array>
				<string>en</string>
			</array>
			<key>mainGroup</key>
			<string>6BD31AC3170C189A007BAF4F</string>
			<key>productRefGroup</key>
			<string>6BD31ACD170C189A007BAF4F</string>
			<key>projectDirPath</key>
			<string></string>
			<key>projectReferences</key>
			<array/>
			<key>projectRoot</key>
			<string></string>
			<key>targets</key>
			<array>
				<string>6BD31ACB170C189A007BAF4F</string>
				<string>6BD31AF1170C189A007BAF4F</string>
			</array>
		</dict>
		<key>6BD31AC7170C189A007BAF4F</key>
		<dict>
			<key>buildConfigurations</key>
			<array>
				<string>6BD31B02170C189A007BAF4F</string>
				<string>6BD31B03170C189A007BAF4F</string>
			</array>
			<key>defaultConfigurationIsVisible</key>
			<string>0</string>
			<key>defaultConfigurationName</key>
			<string>Release</string>
			<key>isa</key>
			<string>XCConfigurationList</string>
		</dict>
		<key>6BD31AC8170C189A007BAF4F</key>
		<dict>
			<key>buildActionMask</key>
			<string>2147483647</string>
			<key>files</key>
			<array>
				<string>6B008FF0170C244A00DB737B</string>
				<string>6B008FF2170C244A00DB737B</string>
				<string>6B008FF4170C244A00DB737B</string>
				<string>6B008FF6170C244A00DB737B</string>
				<string>6B008FF8170C244A00DB737B</string>
				<string>6B008FFA170C244A00DB737B</string>
				<string>6B008FFC170C244A00DB737B</string>
				<string>6B008FFE170C244A00DB737B</string>
				<string>6B009000170C244A00DB737B</string>
				<string>6B009002170C244A00DB737B</string>
				<string>6B009004170C244A00DB737B</string>
				<string>6B009006170C244A00DB737B</string>
				<string>6B009008170C244A00DB737B</string>
				<string>6B009019170C246600DB737B</string>
				<string>6B009027170C246600DB737B</string>
				<string>BA798742848A56F02C4EFAAD</string>
				<string>BA798F4A76EE34D7C0E87FF7</string>
			</array>
			<key>isa</key>
			<string>PBXSourcesBuildPhase</string>
			<key>runOnlyForDeploymentPostprocessing</key>
			<string>0</string>
		</dict>
		<key>6BD31AC9170C189A007BAF4F</key>
		<dict>
			<key>buildActionMask</key>
			<string>2147483647</string>
			<key>files</key>
			<array>
				<string>6B00902C170C460400DB737B</string>
				<string>6BD31AD0170C189A007BAF4F</string>
				<string>6BD31AD2170C189A007BAF4F</string>
				<string>6BD31AD4170C189A007BAF4F</string>
				<string>682D86C2601D4C74B4DAAA20</string>
			</array>
			<key>isa</key>
			<string>PBXFrameworksBuildPhase</string>
			<key>runOnlyForDeploymentPostprocessing</key>
			<string>0</string>
		</dict>
		<key>6BD31ACA170C189A007BAF4F</key>
		<dict>
			<key>buildActionMask</key>
			<string>2147483647</string>
			<key>files</key>
			<array>
				<string>6B009023170C246600DB737B</string>
				<string>BA79893016C666A9E91E9B2F</string>
				<string>BA798C6640C63D93116918CC</string>
				<string>BA7984B7C5B12A127310A1E4</string>
				<string>BA79885DDCB7FA7BF1C612C6</string>
				<string>BA7986C58B41B03692C1E2F6</string>
			</array>
			<key>isa</key>
			<string>PBXResourcesBuildPhase</string>
			<key>runOnlyForDeploymentPostprocessing</key>
			<string>0</string>
		</dict>
		<key>6BD31ACB170C189A007BAF4F</key>
		<dict>
			<key>buildConfigurationList</key>
			<string>6BD31B04170C189A007BAF4F</string>
			<key>buildPhases</key>
			<array>
				<string>6BD31AC8170C189A007BAF4F</string>
				<string>6BD31AC9170C189A007BAF4F</string>
				<string>6BD31ACA170C189A007BAF4F</string>
				<string>7BAD90EC31A44AF0AE1D1795</string>
			</array>
			<key>buildRules</key>
			<array/>
			<key>dependencies</key>
			<array/>
			<key>isa</key>
			<string>PBXNativeTarget</string>
			<key>name</key>
			<string>bureaucrat</string>
			<key>productName</key>
			<string>bureaucrat</string>
			<key>productReference</key>
			<string>6BD31ACC170C189A007BAF4F</string>
			<key>productType</key>
			<string>com.apple.product-type.application</string>
		</dict>
		<key>6BD31ACC170C189A007BAF4F</key>
		<dict>
			<key>explicitFileType</key>
			<string>wrapper.application</string>
			<key>includeInIndex</key>
			<string>0</string>
			<key>isa</key>
			<string>PBXFileReference</string>
			<key>path</key>
			<string>bureaucrat.app</string>
			<key>sourceTree</key>
			<string>BUILT_PRODUCTS_DIR</string>
		</dict>
		<key>6BD31ACD170C189A007BAF4F</key>
		<dict>
			<key>children</key>
			<array>
				<string>6BD31ACC170C189A007BAF4F</string>
				<string>6BD31AF2170C189A007BAF4F</string>
			</array>
			<key>isa</key>
			<string>PBXGroup</string>
			<key>name</key>
			<string>Products</string>
			<key>sourceTree</key>
			<string>&lt;group&gt;</string>
		</dict>
		<key>6BD31ACE170C189A007BAF4F</key>
		<dict>
			<key>children</key>
			<array>
				<string>6BD31ACF170C189A007BAF4F</string>
				<string>6BD31AD1170C189A007BAF4F</string>
				<string>6BD31AD3170C189A007BAF4F</string>
				<string>6BD31AF3170C189A007BAF4F</string>
				<string>6F0DADA2B6B24E6B9EAA6D47</string>
				<string>48569C37ECA243059708F32B</string>
			</array>
			<key>isa</key>
			<string>PBXGroup</string>
			<key>name</key>
			<string>Frameworks</string>
			<key>sourceTree</key>
			<string>&lt;group&gt;</string>
		</dict>
		<key>6BD31ACF170C189A007BAF4F</key>
		<dict>
			<key>isa</key>
			<string>PBXFileReference</string>
			<key>lastKnownFileType</key>
			<string>wrapper.framework</string>
			<key>name</key>
			<string>UIKit.framework</string>
			<key>path</key>
			<string>System/Library/Frameworks/UIKit.framework</string>
			<key>sourceTree</key>
			<string>SDKROOT</string>
		</dict>
		<key>6BD31AD0170C189A007BAF4F</key>
		<dict>
			<key>fileRef</key>
			<string>6BD31ACF170C189A007BAF4F</string>
			<key>isa</key>
			<string>PBXBuildFile</string>
		</dict>
		<key>6BD31AD1170C189A007BAF4F</key>
		<dict>
			<key>isa</key>
			<string>PBXFileReference</string>
			<key>lastKnownFileType</key>
			<string>wrapper.framework</string>
			<key>name</key>
			<string>Foundation.framework</string>
			<key>path</key>
			<string>System/Library/Frameworks/Foundation.framework</string>
			<key>sourceTree</key>
			<string>SDKROOT</string>
		</dict>
		<key>6BD31AD2170C189A007BAF4F</key>
		<dict>
			<key>fileRef</key>
			<string>6BD31AD1170C189A007BAF4F</string>
			<key>isa</key>
			<string>PBXBuildFile</string>
		</dict>
		<key>6BD31AD3170C189A007BAF4F</key>
		<dict>
			<key>isa</key>
			<string>PBXFileReference</string>
			<key>lastKnownFileType</key>
			<string>wrapper.framework</string>
			<key>name</key>
			<string>CoreGraphics.framework</string>
			<key>path</key>
			<string>System/Library/Frameworks/CoreGraphics.framework</string>
			<key>sourceTree</key>
			<string>SDKROOT</string>
		</dict>
		<key>6BD31AD4170C189A007BAF4F</key>
		<dict>
			<key>fileRef</key>
			<string>6BD31AD3170C189A007BAF4F</string>
			<key>isa</key>
			<string>PBXBuildFile</string>
		</dict>
		<key>6BD31AD5170C189A007BAF4F</key>
		<dict>
			<key>children</key>
			<array>
				<string>6B008FD0170C244A00DB737B</string>
				<string>6B008FD1170C244A00DB737B</string>
				<string>6B008FD2170C244A00DB737B</string>
				<string>6B008FD3170C244A00DB737B</string>
				<string>6B008FD4170C244A00DB737B</string>
				<string>6B008FD5170C244A00DB737B</string>
				<string>6B008FD6170C244A00DB737B</string>
				<string>6B008FDB170C244A00DB737B</string>
				<string>6B008FE3170C244A00DB737B</string>
				<string>6B008FEC170C244A00DB737B</string>
			</array>
			<key>isa</key>
			<string>PBXGroup</string>
			<key>path</key>
			<string>bureaucrat</string>
			<key>sourceTree</key>
			<string>&lt;group&gt;</string>
		</dict>
		<key>6BD31AED170C189A007BAF4F</key>
		<dict>
			<key>buildActionMask</key>
			<string>2147483647</string>
			<key>files</key>
			<array>
				<string>6BD31B01170C189A007BAF4F</string>
				<string>6B008FF1170C244A00DB737B</string>
				<string>6B008FF3170C244A00DB737B</string>
				<string>6B008FF5170C244A00DB737B</string>
				<string>6B008FF7170C244A00DB737B</string>
				<string>6B008FF9170C244A00DB737B</string>
				<string>6B008FFB170C244A00DB737B</string>
				<string>6B008FFD170C244A00DB737B</string>
				<string>6B008FFF170C244A00DB737B</string>
				<string>6B009001170C244A00DB737B</string>
				<string>6B009003170C244A00DB737B</string>
				<string>6B009005170C244A00DB737B</string>
				<string>6B009007170C244A00DB737B</string>
				<string>6B009009170C244A00DB737B</string>
				<string>6B00901A170C246600DB737B</string>
				<string>BA7980E45F032666A2719FD8</string>
				<string>BA7983198A6E2880002DE087</string>
			</array>
			<key>isa</key>
			<string>PBXSourcesBuildPhase</string>
			<key>runOnlyForDeploymentPostprocessing</key>
			<string>0</string>
		</dict>
		<key>6BD31AEE170C189A007BAF4F</key>
		<dict>
			<key>buildActionMask</key>
			<string>2147483647</string>
			<key>files</key>
			<array>
				<string>6B00902D170C460B00DB737B</string>
				<string>6BD31AF4170C189A007BAF4F</string>
				<string>6BD31AF5170C189A007BAF4F</string>
				<string>6BD31AF6170C189A007BAF4F</string>
				<string>7F903C09747C4BF3BD28FE73</string>
			</array>
			<key>isa</key>
			<string>PBXFrameworksBuildPhase</string>
			<key>runOnlyForDeploymentPostprocessing</key>
			<string>0</string>
		</dict>
		<key>6BD31AEF170C189A007BAF4F</key>
		<dict>
			<key>buildActionMask</key>
			<string>2147483647</string>
			<key>files</key>
			<array>
				<string>6BD31AFE170C189A007BAF4F</string>
				<string>6B00901C170C246600DB737B</string>
				<string>BA798489BCE5A6662DDAC73D</string>
				<string>BA79800FE4605A01EF2F9612</string>
				<string>BA79837D1932E54157F90635</string>
				<string>BA79847831FF13E234656A09</string>
				<string>BA798EC034FBFF653E9C6532</string>
			</array>
			<key>isa</key>
			<string>PBXResourcesBuildPhase</string>
			<key>runOnlyForDeploymentPostprocessing</key>
			<string>0</string>
		</dict>
		<key>6BD31AF0170C189A007BAF4F</key>
		<dict>
			<key>buildActionMask</key>
			<string>2147483647</string>
			<key>files</key>
			<array/>
			<key>inputPaths</key>
			<array/>
			<key>isa</key>
			<string>PBXShellScriptBuildPhase</string>
			<key>outputPaths</key>
			<array/>
			<key>runOnlyForDeploymentPostprocessing</key>
			<string>0</string>
			<key>shellPath</key>
			<string>/bin/sh</string>
			<key>shellScript</key>
			<string># Run the unit tests in this test bundle.
"${SYSTEM_DEVELOPER_DIR}/Tools/RunUnitTests"
</string>
		</dict>
		<key>6BD31AF1170C189A007BAF4F</key>
		<dict>
			<key>buildConfigurationList</key>
			<string>6BD31B07170C189A007BAF4F</string>
			<key>buildPhases</key>
			<array>
				<string>6BD31AED170C189A007BAF4F</string>
				<string>6BD31AEE170C189A007BAF4F</string>
				<string>6BD31AEF170C189A007BAF4F</string>
				<string>6BD31AF0170C189A007BAF4F</string>
				<string>A410E1477644433EBEAB8784</string>
			</array>
			<key>buildRules</key>
			<array/>
			<key>dependencies</key>
			<array>
				<string>6BD31AF8170C189A007BAF4F</string>
			</array>
			<key>isa</key>
			<string>PBXNativeTarget</string>
			<key>name</key>
			<string>bureaucratTests</string>
			<key>productName</key>
			<string>bureaucratTests</string>
			<key>productReference</key>
			<string>6BD31AF2170C189A007BAF4F</string>
			<key>productType</key>
			<string>com.apple.product-type.bundle</string>
		</dict>
		<key>6BD31AF2170C189A007BAF4F</key>
		<dict>
			<key>explicitFileType</key>
			<string>wrapper.cfbundle</string>
			<key>includeInIndex</key>
			<string>0</string>
			<key>isa</key>
			<string>PBXFileReference</string>
			<key>path</key>
			<string>bureaucratTests.octest</string>
			<key>sourceTree</key>
			<string>BUILT_PRODUCTS_DIR</string>
		</dict>
		<key>6BD31AF3170C189A007BAF4F</key>
		<dict>
			<key>isa</key>
			<string>PBXFileReference</string>
			<key>lastKnownFileType</key>
			<string>wrapper.framework</string>
			<key>name</key>
			<string>SenTestingKit.framework</string>
			<key>path</key>
			<string>Library/Frameworks/SenTestingKit.framework</string>
			<key>sourceTree</key>
			<string>DEVELOPER_DIR</string>
		</dict>
		<key>6BD31AF4170C189A007BAF4F</key>
		<dict>
			<key>fileRef</key>
			<string>6BD31AF3170C189A007BAF4F</string>
			<key>isa</key>
			<string>PBXBuildFile</string>
		</dict>
		<key>6BD31AF5170C189A007BAF4F</key>
		<dict>
			<key>fileRef</key>
			<string>6BD31ACF170C189A007BAF4F</string>
			<key>isa</key>
			<string>PBXBuildFile</string>
		</dict>
		<key>6BD31AF6170C189A007BAF4F</key>
		<dict>
			<key>fileRef</key>
			<string>6BD31AD1170C189A007BAF4F</string>
			<key>isa</key>
			<string>PBXBuildFile</string>
		</dict>
		<key>6BD31AF7170C189A007BAF4F</key>
		<dict>
			<key>containerPortal</key>
			<string>6BD31AC4170C189A007BAF4F</string>
			<key>isa</key>
			<string>PBXContainerItemProxy</string>
			<key>proxyType</key>
			<string>1</string>
			<key>remoteGlobalIDString</key>
			<string>6BD31ACB170C189A007BAF4F</string>
			<key>remoteInfo</key>
			<string>bureaucrat</string>
		</dict>
		<key>6BD31AF8170C189A007BAF4F</key>
		<dict>
			<key>isa</key>
			<string>PBXTargetDependency</string>
			<key>target</key>
			<string>6BD31ACB170C189A007BAF4F</string>
			<key>targetProxy</key>
			<string>6BD31AF7170C189A007BAF4F</string>
		</dict>
		<key>6BD31AF9170C189A007BAF4F</key>
		<dict>
			<key>children</key>
			<array>
				<string>6BD31AFF170C189A007BAF4F</string>
				<string>6BD31B00170C189A007BAF4F</string>
				<string>6BD31AFA170C189A007BAF4F</string>
			</array>
			<key>isa</key>
			<string>PBXGroup</string>
			<key>path</key>
			<string>bureaucratTests</string>
			<key>sourceTree</key>
			<string>&lt;group&gt;</string>
		</dict>
		<key>6BD31AFA170C189A007BAF4F</key>
		<dict>
			<key>children</key>
			<array>
				<string>6BD31AFB170C189A007BAF4F</string>
				<string>6BD31AFC170C189A007BAF4F</string>
			</array>
			<key>isa</key>
			<string>PBXGroup</string>
			<key>name</key>
			<string>Supporting Files</string>
			<key>sourceTree</key>
			<string>&lt;group&gt;</string>
		</dict>
		<key>6BD31AFB170C189A007BAF4F</key>
		<dict>
			<key>isa</key>
			<string>PBXFileReference</string>
			<key>lastKnownFileType</key>
			<string>text.plist.xml</string>
			<key>path</key>
			<string>bureaucratTests-Info.plist</string>
			<key>sourceTree</key>
			<string>&lt;group&gt;</string>
		</dict>
		<key>6BD31AFC170C189A007BAF4F</key>
		<dict>
			<key>children</key>
			<array>
				<string>6BD31AFD170C189A007BAF4F</string>
			</array>
			<key>isa</key>
			<string>PBXVariantGroup</string>
			<key>name</key>
			<string>InfoPlist.strings</string>
			<key>sourceTree</key>
			<string>&lt;group&gt;</string>
		</dict>
		<key>6BD31AFD170C189A007BAF4F</key>
		<dict>
			<key>isa</key>
			<string>PBXFileReference</string>
			<key>lastKnownFileType</key>
			<string>text.plist.strings</string>
			<key>name</key>
			<string>en</string>
			<key>path</key>
			<string>en.lproj/InfoPlist.strings</string>
			<key>sourceTree</key>
			<string>&lt;group&gt;</string>
		</dict>
		<key>6BD31AFE170C189A007BAF4F</key>
		<dict>
			<key>fileRef</key>
			<string>6BD31AFC170C189A007BAF4F</string>
			<key>isa</key>
			<string>PBXBuildFile</string>
		</dict>
		<key>6BD31AFF170C189A007BAF4F</key>
		<dict>
			<key>isa</key>
			<string>PBXFileReference</string>
			<key>lastKnownFileType</key>
			<string>sourcecode.c.h</string>
			<key>path</key>
			<string>bureaucratTests.h</string>
			<key>sourceTree</key>
			<string>&lt;group&gt;</string>
		</dict>
		<key>6BD31B00170C189A007BAF4F</key>
		<dict>
			<key>isa</key>
			<string>PBXFileReference</string>
			<key>lastKnownFileType</key>
			<string>sourcecode.c.objc</string>
			<key>path</key>
			<string>bureaucratTests.m</string>
			<key>sourceTree</key>
			<string>&lt;group&gt;</string>
		</dict>
		<key>6BD31B01170C189A007BAF4F</key>
		<dict>
			<key>fileRef</key>
			<string>6BD31B00170C189A007BAF4F</string>
			<key>isa</key>
			<string>PBXBuildFile</string>
		</dict>
		<key>6BD31B02170C189A007BAF4F</key>
		<dict>
			<key>buildSettings</key>
			<dict>
				<key>ALWAYS_SEARCH_USER_PATHS</key>
				<string>NO</string>
				<key>CLANG_CXX_LANGUAGE_STANDARD</key>
				<string>gnu++0x</string>
				<key>CLANG_CXX_LIBRARY</key>
				<string>libc++</string>
				<key>CLANG_ENABLE_OBJC_ARC</key>
				<string>YES</string>
				<key>CLANG_WARN_CONSTANT_CONVERSION</key>
				<string>YES</string>
				<key>CLANG_WARN_EMPTY_BODY</key>
				<string>YES</string>
				<key>CLANG_WARN_ENUM_CONVERSION</key>
				<string>YES</string>
				<key>CLANG_WARN_INT_CONVERSION</key>
				<string>YES</string>
				<key>CLANG_WARN__DUPLICATE_METHOD_MATCH</key>
				<string>YES</string>
				<key>CODE_SIGN_IDENTITY[sdk=iphoneos*]</key>
				<string>iPhone Developer</string>
				<key>COPY_PHASE_STRIP</key>
				<string>NO</string>
				<key>GCC_C_LANGUAGE_STANDARD</key>
				<string>gnu99</string>
				<key>GCC_DYNAMIC_NO_PIC</key>
				<string>NO</string>
				<key>GCC_OPTIMIZATION_LEVEL</key>
				<string>0</string>
				<key>GCC_PREPROCESSOR_DEFINITIONS</key>
				<array>
					<string>DEBUG=1</string>
					<string>$(inherited)</string>
				</array>
				<key>GCC_SYMBOLS_PRIVATE_EXTERN</key>
				<string>NO</string>
				<key>GCC_WARN_ABOUT_RETURN_TYPE</key>
				<string>YES</string>
				<key>GCC_WARN_UNINITIALIZED_AUTOS</key>
				<string>YES</string>
				<key>GCC_WARN_UNUSED_VARIABLE</key>
				<string>YES</string>
				<key>IPHONEOS_DEPLOYMENT_TARGET</key>
				<string>6.1</string>
				<key>ONLY_ACTIVE_ARCH</key>
				<string>YES</string>
				<key>SDKROOT</key>
				<string>iphoneos</string>
			</dict>
			<key>isa</key>
			<string>XCBuildConfiguration</string>
			<key>name</key>
			<string>Debug</string>
		</dict>
		<key>6BD31B03170C189A007BAF4F</key>
		<dict>
			<key>buildSettings</key>
			<dict>
				<key>ALWAYS_SEARCH_USER_PATHS</key>
				<string>NO</string>
				<key>CLANG_CXX_LANGUAGE_STANDARD</key>
				<string>gnu++0x</string>
				<key>CLANG_CXX_LIBRARY</key>
				<string>libc++</string>
				<key>CLANG_ENABLE_OBJC_ARC</key>
				<string>YES</string>
				<key>CLANG_WARN_CONSTANT_CONVERSION</key>
				<string>YES</string>
				<key>CLANG_WARN_EMPTY_BODY</key>
				<string>YES</string>
				<key>CLANG_WARN_ENUM_CONVERSION</key>
				<string>YES</string>
				<key>CLANG_WARN_INT_CONVERSION</key>
				<string>YES</string>
				<key>CLANG_WARN__DUPLICATE_METHOD_MATCH</key>
				<string>YES</string>
				<key>CODE_SIGN_IDENTITY[sdk=iphoneos*]</key>
				<string>iPhone Developer</string>
				<key>COPY_PHASE_STRIP</key>
				<string>YES</string>
				<key>GCC_C_LANGUAGE_STANDARD</key>
				<string>gnu99</string>
				<key>GCC_WARN_ABOUT_RETURN_TYPE</key>
				<string>YES</string>
				<key>GCC_WARN_UNINITIALIZED_AUTOS</key>
				<string>YES</string>
				<key>GCC_WARN_UNUSED_VARIABLE</key>
				<string>YES</string>
				<key>IPHONEOS_DEPLOYMENT_TARGET</key>
				<string>6.1</string>
				<key>OTHER_CFLAGS</key>
				<string>-DNS_BLOCK_ASSERTIONS=1</string>
				<key>SDKROOT</key>
				<string>iphoneos</string>
				<key>VALIDATE_PRODUCT</key>
				<string>YES</string>
			</dict>
			<key>isa</key>
			<string>XCBuildConfiguration</string>
			<key>name</key>
			<string>Release</string>
		</dict>
		<key>6BD31B04170C189A007BAF4F</key>
		<dict>
			<key>buildConfigurations</key>
			<array>
				<string>6BD31B05170C189A007BAF4F</string>
				<string>6BD31B06170C189A007BAF4F</string>
			</array>
			<key>defaultConfigurationIsVisible</key>
			<string>0</string>
			<key>defaultConfigurationName</key>
			<string>Release</string>
			<key>isa</key>
			<string>XCConfigurationList</string>
		</dict>
		<key>6BD31B05170C189A007BAF4F</key>
		<dict>
			<key>baseConfigurationReference</key>
			<string>CE2B8BC7B0B1493B9CEC7AC0</string>
			<key>buildSettings</key>
			<dict>
				<key>GCC_PRECOMPILE_PREFIX_HEADER</key>
				<string>YES</string>
				<key>GCC_PREFIX_HEADER</key>
				<string>Example/bureaucrat-Prefix.pch</string>
				<key>INFOPLIST_FILE</key>
				<string>Example/bureaucrat-Info.plist</string>
				<key>PRODUCT_NAME</key>
				<string>$(TARGET_NAME)</string>
				<key>WRAPPER_EXTENSION</key>
				<string>app</string>
			</dict>
			<key>isa</key>
			<string>XCBuildConfiguration</string>
			<key>name</key>
			<string>Debug</string>
		</dict>
		<key>6BD31B06170C189A007BAF4F</key>
		<dict>
			<key>baseConfigurationReference</key>
			<string>CE2B8BC7B0B1493B9CEC7AC0</string>
			<key>buildSettings</key>
			<dict>
				<key>GCC_PRECOMPILE_PREFIX_HEADER</key>
				<string>YES</string>
				<key>GCC_PREFIX_HEADER</key>
				<string>Example/bureaucrat-Prefix.pch</string>
				<key>INFOPLIST_FILE</key>
				<string>Example/bureaucrat-Info.plist</string>
				<key>PRODUCT_NAME</key>
				<string>$(TARGET_NAME)</string>
				<key>WRAPPER_EXTENSION</key>
				<string>app</string>
			</dict>
			<key>isa</key>
			<string>XCBuildConfiguration</string>
			<key>name</key>
			<string>Release</string>
		</dict>
		<key>6BD31B07170C189A007BAF4F</key>
		<dict>
			<key>buildConfigurations</key>
			<array>
				<string>6BD31B08170C189A007BAF4F</string>
				<string>6BD31B09170C189A007BAF4F</string>
			</array>
			<key>defaultConfigurationIsVisible</key>
			<string>0</string>
			<key>defaultConfigurationName</key>
			<string>Release</string>
			<key>isa</key>
			<string>XCConfigurationList</string>
		</dict>
		<key>6BD31B08170C189A007BAF4F</key>
		<dict>
			<key>baseConfigurationReference</key>
			<string>5E102EDFAD18450BB53BD57F</string>
			<key>buildSettings</key>
			<dict>
				<key>BUNDLE_LOADER</key>
				<string>$(BUILT_PRODUCTS_DIR)/bureaucrat.app/bureaucrat</string>
				<key>FRAMEWORK_SEARCH_PATHS</key>
				<array>
					<string>"$(SDKROOT)/Developer/Library/Frameworks"</string>
					<string>"$(DEVELOPER_LIBRARY_DIR)/Frameworks"</string>
				</array>
				<key>GCC_PRECOMPILE_PREFIX_HEADER</key>
				<string>YES</string>
				<key>GCC_PREFIX_HEADER</key>
				<string>bureaucrat/bureaucrat-Prefix.pch</string>
				<key>INFOPLIST_FILE</key>
				<string>bureaucratTests/bureaucratTests-Info.plist</string>
				<key>PRODUCT_NAME</key>
				<string>$(TARGET_NAME)</string>
				<key>TEST_HOST</key>
				<string>$(BUNDLE_LOADER)</string>
				<key>WRAPPER_EXTENSION</key>
				<string>octest</string>
			</dict>
			<key>isa</key>
			<string>XCBuildConfiguration</string>
			<key>name</key>
			<string>Debug</string>
		</dict>
		<key>6BD31B09170C189A007BAF4F</key>
		<dict>
			<key>baseConfigurationReference</key>
			<string>5E102EDFAD18450BB53BD57F</string>
			<key>buildSettings</key>
			<dict>
				<key>BUNDLE_LOADER</key>
				<string>$(BUILT_PRODUCTS_DIR)/bureaucrat.app/bureaucrat</string>
				<key>FRAMEWORK_SEARCH_PATHS</key>
				<array>
					<string>"$(SDKROOT)/Developer/Library/Frameworks"</string>
					<string>"$(DEVELOPER_LIBRARY_DIR)/Frameworks"</string>
				</array>
				<key>GCC_PRECOMPILE_PREFIX_HEADER</key>
				<string>YES</string>
				<key>GCC_PREFIX_HEADER</key>
				<string>bureaucrat/bureaucrat-Prefix.pch</string>
				<key>INFOPLIST_FILE</key>
				<string>bureaucratTests/bureaucratTests-Info.plist</string>
				<key>PRODUCT_NAME</key>
				<string>$(TARGET_NAME)</string>
				<key>TEST_HOST</key>
				<string>$(BUNDLE_LOADER)</string>
				<key>WRAPPER_EXTENSION</key>
				<string>octest</string>
			</dict>
			<key>isa</key>
			<string>XCBuildConfiguration</string>
			<key>name</key>
			<string>Release</string>
		</dict>
		<key>6F0DADA2B6B24E6B9EAA6D47</key>
		<dict>
			<key>explicitFileType</key>
			<string>archive.ar</string>
			<key>includeInIndex</key>
			<string>0</string>
			<key>isa</key>
			<string>PBXFileReference</string>
			<key>name</key>
			<string>libPods.a</string>
			<key>path</key>
			<string>libPods.a</string>
			<key>sourceTree</key>
			<string>BUILT_PRODUCTS_DIR</string>
		</dict>
		<key>7BAD90EC31A44AF0AE1D1795</key>
		<dict>
			<key>buildActionMask</key>
			<string>2147483647</string>
			<key>files</key>
			<array/>
			<key>inputPaths</key>
			<array/>
			<key>isa</key>
			<string>PBXShellScriptBuildPhase</string>
			<key>name</key>
			<string>Copy Pods Resources</string>
			<key>outputPaths</key>
			<array/>
			<key>runOnlyForDeploymentPostprocessing</key>
			<string>0</string>
			<key>shellPath</key>
			<string>/bin/sh</string>
			<key>shellScript</key>
			<string>"${SRCROOT}/Pods/Pods-resources.sh"
</string>
			<key>showEnvVarsInLog</key>
			<string>1</string>
		</dict>
		<key>7F903C09747C4BF3BD28FE73</key>
		<dict>
			<key>fileRef</key>
			<string>48569C37ECA243059708F32B</string>
			<key>isa</key>
			<string>PBXBuildFile</string>
			<key>settings</key>
			<dict/>
		</dict>
		<key>A410E1477644433EBEAB8784</key>
		<dict>
			<key>buildActionMask</key>
			<string>2147483647</string>
			<key>files</key>
			<array/>
			<key>inputPaths</key>
			<array/>
			<key>isa</key>
			<string>PBXShellScriptBuildPhase</string>
			<key>name</key>
			<string>Copy Pods Resources</string>
			<key>outputPaths</key>
			<array/>
			<key>runOnlyForDeploymentPostprocessing</key>
			<string>0</string>
			<key>shellPath</key>
			<string>/bin/sh</string>
			<key>shellScript</key>
			<string>"${SRCROOT}/Pods/Pods-bureaucratTests-resources.sh"
</string>
			<key>showEnvVarsInLog</key>
			<string>1</string>
		</dict>
		<key>BA79800FE4605A01EF2F9612</key>
		<dict>
			<key>fileRef</key>
			<string>BA798F030395FE3D91979212</string>
			<key>isa</key>
			<string>PBXBuildFile</string>
		</dict>
		<key>BA79801171376769C364AEA7</key>
		<dict>
			<key>fileEncoding</key>
			<string>4</string>
			<key>isa</key>
			<string>PBXFileReference</string>
			<key>lastKnownFileType</key>
			<string>sourcecode.c.objc</string>
			<key>path</key>
			<string>BureaucraticFormViewController.m</string>
			<key>sourceTree</key>
			<string>&lt;group&gt;</string>
		</dict>
		<key>BA7980999876842A2BEB258C</key>
		<dict>
			<key>children</key>
			<array>
				<string>BA7988CFAE496EC9E8928FC4</string>
				<string>BA79801171376769C364AEA7</string>
				<string>BA798899D7D42F7CCAE96E16</string>
			</array>
			<key>isa</key>
			<string>PBXGroup</string>
			<key>path</key>
			<string>BureaucraticForm</string>
			<key>sourceTree</key>
			<string>&lt;group&gt;</string>
		</dict>
		<key>BA7980E45F032666A2719FD8</key>
		<dict>
			<key>fileRef</key>
			<string>BA79801171376769C364AEA7</string>
			<key>isa</key>
			<string>PBXBuildFile</string>
		</dict>
		<key>BA7981E96002FCA868F2CD79</key>
		<dict>
			<key>fileEncoding</key>
			<string>4</string>
			<key>isa</key>
			<string>PBXFileReference</string>
			<key>lastKnownFileType</key>
			<string>sourcecode.c.objc</string>
			<key>path</key>
			<string>BureaucraticFormView.m</string>
			<key>sourceTree</key>
			<string>&lt;group&gt;</string>
		</dict>
		<key>BA7983198A6E2880002DE087</key>
		<dict>
			<key>fileRef</key>
			<string>BA7981E96002FCA868F2CD79</string>
			<key>isa</key>
			<string>PBXBuildFile</string>
		</dict>
		<key>BA79837D1932E54157F90635</key>
		<dict>
			<key>fileRef</key>
			<string>BA79898F0829634B21EDA33F</string>
			<key>isa</key>
			<string>PBXBuildFile</string>
		</dict>
		<key>BA79847831FF13E234656A09</key>
		<dict>
			<key>fileRef</key>
			<string>BA798A4DB42F12C72C18A1FA</string>
			<key>isa</key>
			<string>PBXBuildFile</string>
		</dict>
		<key>BA798489BCE5A6662DDAC73D</key>
		<dict>
			<key>fileRef</key>
			<string>BA798EBE601A207D3A2E3752</string>
			<key>isa</key>
			<string>PBXBuildFile</string>
		</dict>
		<key>BA7984B7C5B12A127310A1E4</key>
		<dict>
			<key>fileRef</key>
			<string>BA79898F0829634B21EDA33F</string>
			<key>isa</key>
			<string>PBXBuildFile</string>
		</dict>
		<key>BA7986C58B41B03692C1E2F6</key>
		<dict>
			<key>fileRef</key>
			<string>BA798AE2780FE03F707BEC75</string>
			<key>isa</key>
			<string>PBXBuildFile</string>
		</dict>
		<key>BA798742848A56F02C4EFAAD</key>
		<dict>
			<key>fileRef</key>
			<string>BA79801171376769C364AEA7</string>
			<key>isa</key>
			<string>PBXBuildFile</string>
		</dict>
		<key>BA79885DDCB7FA7BF1C612C6</key>
		<dict>
			<key>fileRef</key>
			<string>BA798A4DB42F12C72C18A1FA</string>
			<key>isa</key>
			<string>PBXBuildFile</string>
		</dict>
		<key>BA798899D7D42F7CCAE96E16</key>
		<dict>
			<key>children</key>
			<array>
				<string>BA7981E96002FCA868F2CD79</string>
				<string>BA798FC68ADD18D9321B9DEF</string>
			</array>
			<key>isa</key>
			<string>PBXGroup</string>
			<key>path</key>
			<string>Views</string>
			<key>sourceTree</key>
			<string>&lt;group&gt;</string>
		</dict>
		<key>BA7988CFAE496EC9E8928FC4</key>
		<dict>
			<key>fileEncoding</key>
			<string>4</string>
			<key>isa</key>
			<string>PBXFileReference</string>
			<key>lastKnownFileType</key>
			<string>sourcecode.c.h</string>
			<key>path</key>
			<string>BureaucraticFormViewController.h</string>
			<key>sourceTree</key>
			<string>&lt;group&gt;</string>
		</dict>
		<key>BA79893016C666A9E91E9B2F</key>
		<dict>
			<key>fileRef</key>
			<string>BA798EBE601A207D3A2E3752</string>
			<key>isa</key>
			<string>PBXBuildFile</string>
		</dict>
		<key>BA79898F0829634B21EDA33F</key>
		<dict>
			<key>isa</key>
			<string>PBXFileReference</string>
			<key>lastKnownFileType</key>
			<string>image.png</string>
			<key>path</key>
			<string>background-gradient@2x.png</string>
			<key>sourceTree</key>
			<string>&lt;group&gt;</string>
		</dict>
		<key>BA798A4DB42F12C72C18A1FA</key>
		<dict>
			<key>isa</key>
			<string>PBXFileReference</string>
			<key>lastKnownFileType</key>
			<string>image.png</string>
			<key>path</key>
			<string>background-gradient.png</string>
			<key>sourceTree</key>
			<string>&lt;group&gt;</string>
		</dict>
		<key>BA798AE2780FE03F707BEC75</key>
		<dict>
			<key>isa</key>
			<string>PBXFileReference</string>
			<key>lastKnownFileType</key>
			<string>image.png</string>
			<key>path</key>
			<string>Default.png</string>
			<key>sourceTree</key>
			<string>&lt;group&gt;</string>
		</dict>
		<key>BA798C6640C63D93116918CC</key>
		<dict>
			<key>fileRef</key>
			<string>BA798F030395FE3D91979212</string>
			<key>isa</key>
			<string>PBXBuildFile</string>
		</dict>
		<key>BA798CF4502B3B14F6F29CD5</key>
		<dict>
			<key>children</key>
			<array>
				<string>BA798EBE601A207D3A2E3752</string>
				<string>BA798F030395FE3D91979212</string>
				<string>BA79898F0829634B21EDA33F</string>
				<string>BA798A4DB42F12C72C18A1FA</string>
				<string>BA798AE2780FE03F707BEC75</string>
			</array>
			<key>isa</key>
			<string>PBXGroup</string>
			<key>path</key>
			<string>Resources</string>
			<key>sourceTree</key>
			<string>&lt;group&gt;</string>
		</dict>
		<key>BA798EBE601A207D3A2E3752</key>
		<dict>
			<key>isa</key>
			<string>PBXFileReference</string>
			<key>lastKnownFileType</key>
			<string>image.png</string>
			<key>path</key>
			<string>Default-568h@2x.png</string>
			<key>sourceTree</key>
			<string>&lt;group&gt;</string>
		</dict>
		<key>BA798EC034FBFF653E9C6532</key>
		<dict>
			<key>fileRef</key>
			<string>BA798AE2780FE03F707BEC75</string>
			<key>isa</key>
			<string>PBXBuildFile</string>
		</dict>
		<key>BA798F030395FE3D91979212</key>
		<dict>
			<key>isa</key>
			<string>PBXFileReference</string>
			<key>lastKnownFileType</key>
			<string>image.png</string>
			<key>path</key>
			<string>Default@2x.png</string>
			<key>sourceTree</key>
			<string>&lt;group&gt;</string>
		</dict>
		<key>BA798F4A76EE34D7C0E87FF7</key>
		<dict>
			<key>fileRef</key>
			<string>BA7981E96002FCA868F2CD79</string>
			<key>isa</key>
			<string>PBXBuildFile</string>
		</dict>
		<key>BA798FC68ADD18D9321B9DEF</key>
		<dict>
			<key>fileEncoding</key>
			<string>4</string>
			<key>isa</key>
			<string>PBXFileReference</string>
			<key>lastKnownFileType</key>
			<string>sourcecode.c.h</string>
			<key>path</key>
			<string>BureaucraticFormView.h</string>
			<key>sourceTree</key>
			<string>&lt;group&gt;</string>
		</dict>
		<key>CE2B8BC7B0B1493B9CEC7AC0</key>
		<dict>
			<key>includeInIndex</key>
			<string>1</string>
			<key>isa</key>
			<string>PBXFileReference</string>
			<key>lastKnownFileType</key>
			<string>text.xcconfig</string>
			<key>name</key>
			<string>Pods.xcconfig</string>
			<key>path</key>
			<string>Pods/Pods.xcconfig</string>
			<key>sourceTree</key>
			<string>SOURCE_ROOT</string>
		</dict>
	</dict>
	<key>rootObject</key>
	<string>6BD31AC4170C189A007BAF4F</string>
</dict>
</plist>
